
Microsoft Visual Studio Solution File, Format Version 12.00
# Visual Studio Version 16
VisualStudioVersion = 16.0.28803.452
MinimumVisualStudioVersion = 10.0.40219.1
Project("{FAE04EC0-301F-11D3-BF4B-00C04F79EFBC}") = "WorkingHoursQuery", "WorkingHoursQuery\WorkingHoursQuery.csproj", "{62F21ED8-65B4-425C-A994-0C7F7DE1B890}"
EndProject
Project("{FAE04EC0-301F-11D3-BF4B-00C04F79EFBC}") = "WorkingHoursRecord", "WorkingHoursRecord\WorkingHoursRecord.csproj", "{BC8C1D77-B870-4D99-BD54-53F4D585AAED}"
EndProject
Project("{FAE04EC0-301F-11D3-BF4B-00C04F79EFBC}") = "ProcessAllocation", "ProcessAllocation\ProcessAllocation.csproj", "{5E25B9BD-FCEB-4E96-BED7-2C41713FD5C3}"
EndProject
Project("{FAE04EC0-301F-11D3-BF4B-00C04F79EFBC}") = "WorkingHoursService", "WorkingHoursService\WorkingHoursService.csproj", "{7B58F890-34A9-4230-A75C-E0D15DAE57A7}"
EndProject
Project("{FAE04EC0-301F-11D3-BF4B-00C04F79EFBC}") = "WindowsServiceClient", "WindowsServiceClient\WindowsServiceClient.csproj", "{D0A44D1F-DB4F-4E20-A2CF-746BF1EC1BD6}"
EndProject
Project("{FAE04EC0-301F-11D3-BF4B-00C04F79EFBC}") = "ProcessAllocationService", "ProcessAllocationService\ProcessAllocationService.csproj", "{1A6BDF77-16C1-45E8-9FD9-61153E454A93}"
EndProject
Project("{FAE04EC0-301F-11D3-BF4B-00C04F79EFBC}") = "ImportInnerBox", "ImportInnerBox\ImportInnerBox.csproj", "{6BC7F45C-4202-4366-BC7B-6C156C1835C6}"
EndProject
Project("{FAE04EC0-301F-11D3-BF4B-00C04F79EFBC}") = "InvestmentReturnOrder", "InvestmentReturnOrder\InvestmentReturnOrder.csproj", "{28908B54-5243-4228-BEFE-1359C0CA44C6}"
EndProject
Project("{FAE04EC0-301F-11D3-BF4B-00C04F79EFBC}") = "KBN_SFC_DayLine_TrackOut_List", "KBN_SFC_DayLine_TrackOut_List\KBN_SFC_DayLine_TrackOut_List.csproj", "{072781C0-D03B-461E-BA31-62897B5BF1B2}"
EndProject
Project("{FAE04EC0-301F-11D3-BF4B-00C04F79EFBC}") = "ProductionEfficiencyForm", "ProductionEfficiencyForm\ProductionEfficiencyForm.csproj", "{FFB56DCF-339D-4744-BFFC-656E61D63830}"
EndProject
Project("{FAE04EC0-301F-11D3-BF4B-00C04F79EFBC}") = "ProductionInputOrderQuery", "ProductionInputOrderQueryForm\ProductionInputOrderQuery.csproj", "{5D496143-BCEC-48EA-9BA4-747392C8EC71}"
EndProject
Project("{FAE04EC0-301F-11D3-BF4B-00C04F79EFBC}") = "ProductionOutputOrderQuery", "ProductionOutputOrderQueryForm\ProductionOutputOrderQuery.csproj", "{9665F342-8048-4937-AA82-350B871AFCF6}"
EndProject
Project("{FAE04EC0-301F-11D3-BF4B-00C04F79EFBC}") = "ProductionWorkingHours", "ProductionWorkingHours\ProductionWorkingHours.csproj", "{E02AA3FB-A5E9-44EA-8DC4-300957E712F7}"
EndProject
Project("{FAE04EC0-301F-11D3-BF4B-00C04F79EFBC}") = "WorkingHoursStandard", "WorkingHoursStandard\WorkingHoursStandard.csproj", "{5B8E5019-3751-4B91-9463-4947B245A03A}"
EndProject
Project("{FAE04EC0-301F-11D3-BF4B-00C04F79EFBC}") = "WorkingHoursStandard_VReport", "WorkingHoursStandard_VReport\WorkingHoursStandard_VReport.csproj", "{3F939044-2270-4D78-B23E-CCFE08510DFA}"
EndProject
Project("{2150E333-8FDC-42A3-9474-1A3956D46DE8}") = "Solution Items", "Solution Items", "{99912DE0-CCCE-435D-95C8-893BDD775883}"
EndProject
Project("{FAE04EC0-301F-11D3-BF4B-00C04F79EFBC}") = "SJeMES_Framework", "SJeMES_Framework\SJeMES_Framework.csproj", "{6A483C7A-92E1-4A65-A5FD-ECB5F4930373}"
EndProject
Project("{FAE04EC0-301F-11D3-BF4B-00C04F79EFBC}") = "Production_Kanban", "Production_Kanban\Production_Kanban.csproj", "{5A16CB5F-3181-4C91-AD8F-499CFE2AF9C1}"
EndProject
Project("{FAE04EC0-301F-11D3-BF4B-00C04F79EFBC}") = "WorkingIEAchievementInput", "WorkingIEAchievementInput\WorkingIEAchievementInput.csproj", "{F413C4E0-C1B4-4FEF-954D-D3754B53DC72}"
EndProject
Project("{FAE04EC0-301F-11D3-BF4B-00C04F79EFBC}") = "MonthlyManPowerUpload", "MonthlyManPowerUpload\MonthlyManPowerUpload.csproj", "{900B609A-017A-4C54-AB29-5AF1B1F90D4A}"
EndProject
Project("{FAE04EC0-301F-11D3-BF4B-00C04F79EFBC}") = "MonthlyModelUpload", "MonthlyModelUpload\MonthlyModelUpload.csproj", "{F9068432-B3A8-418D-B947-EBA12615F60F}"
EndProject
Project("{FAE04EC0-301F-11D3-BF4B-00C04F79EFBC}") = "MonthlyExcessManPowerUpload", "MonthlyExcessManPowerUpload\MonthlyExcessManPowerUpload.csproj", "{CEC6CBCB-06A5-4B84-B49D-7CE208D52A69}"
EndProject
Project("{FAE04EC0-301F-11D3-BF4B-00C04F79EFBC}") = "TeamBonus", "TeamBonus\TeamBonus.csproj", "{3B9DCD36-1B1B-4375-B6D0-E24F82F889BD}"
EndProject
Project("{FAE04EC0-301F-11D3-BF4B-00C04F79EFBC}") = "SkillBonusUpload", "SkillBonusUpload\SkillBonusUpload.csproj", "{23BBBE6D-2D31-4DF9-BB64-D645F994492D}"
EndProject
Project("{FAE04EC0-301F-11D3-BF4B-00C04F79EFBC}") = "ProdBonusUpload", "ProdBonusUpload\ProdBonusUpload.csproj", "{7FF7BE8F-2618-4D7B-AA63-05B46044B1A0}"
EndProject
Project("{FAE04EC0-301F-11D3-BF4B-00C04F79EFBC}") = "SizeLabelEntry", "SizeLabelEntry\SizeLabelEntry.csproj", "{7EF597D2-0BB7-492A-986A-67D89EC6D9DC}"
EndProject
Project("{FAE04EC0-301F-11D3-BF4B-00C04F79EFBC}") = "PO_Finish_Upload", "PO_Finish_Upload\PO_Finish_Upload.csproj", "{2F55E760-7324-4659-961F-D9688BBD9D0F}"
EndProject
Project("{FAE04EC0-301F-11D3-BF4B-00C04F79EFBC}") = "Data_Lock", "Data_Lock\Data_Lock.csproj", "{43B07AE1-022C-4EC3-9BED-5004770E4F4E}"
EndProject
Project("{FAE04EC0-301F-11D3-BF4B-00C04F79EFBC}") = "REPAIRS_DATA", "Repairs_Entry\REPAIRS_DATA.csproj", "{8A571F31-1512-4845-AB97-C176C7714877}"
EndProject
Project("{FAE04EC0-301F-11D3-BF4B-00C04F79EFBC}") = "Replacement_Data", "Replacement_Data\Replacement_Data\Replacement_Data.csproj", "{B04BAF70-FED2-47E0-8224-A4E483DB1B2B}"
EndProject
Project("{FAE04EC0-301F-11D3-BF4B-00C04F79EFBC}") = "KaizenExcelUpload", "KaizenExcelUpload\KaizenExcelUpload.csproj", "{A91FFE65-3BDC-4875-A128-AB367E523EC1}"
EndProject
Project("{FAE04EC0-301F-11D3-BF4B-00C04F79EFBC}") = "KPI_FINAL_SCORE", "KPI_FINAL_SCORE\KPI_FINAL_SCORE\KPI_FINAL_SCORE.csproj", "{3A4CA82A-5B73-46A8-8EB2-2D15FDF8E712}"
EndProject
Project("{FAE04EC0-301F-11D3-BF4B-00C04F79EFBC}") = "Upload_TPPH", "Upload_TPPH\Upload_TPPH.csproj", "{F8D49289-3411-4E26-A089-CD07357026F5}"
EndProject
Project("{FAE04EC0-301F-11D3-BF4B-00C04F79EFBC}") = "Final_IE", "Final_IE\Final_IE.csproj", "{AB034F88-C978-48B1-BA9F-653639577857}"
EndProject
Project("{FAE04EC0-301F-11D3-BF4B-00C04F79EFBC}") = "CuttingAllocation", "CuttingAllocation\CuttingAllocation.csproj", "{F0627E7D-4994-4EB1-8BF5-3EFD01D2B7E8}"
EndProject
Project("{FAE04EC0-301F-11D3-BF4B-00C04F79EFBC}") = "ThirdEfficiency_Kanban", "ThirdEfficiency_Kanban\ThirdEfficiency_Kanban.csproj", "{A713E9F2-CF8B-4087-AC92-502FA144B65D}"
EndProject
Project("{FAE04EC0-301F-11D3-BF4B-00C04F79EFBC}") = "StitchingOutput2", "StitchingOutput2\StitchingOutput2.csproj", "{A196C1D2-8B01-4E1D-9FC2-1673BD83FE27}"
EndProject
Project("{FAE04EC0-301F-11D3-BF4B-00C04F79EFBC}") = "StitchingInput2", "StitchingInput2\StitchingInput2.csproj", "{56305BE4-DAD2-457E-9BE9-801EE15EB1D3}"
EndProject
Project("{FAE04EC0-301F-11D3-BF4B-00C04F79EFBC}") = "LIne_Plan_Upload", "QualityBonusupload\LIne_Plan_Upload.csproj", "{0D65C4EF-8F25-46C9-9053-2A954016BA55}"
EndProject
Project("{FAE04EC0-301F-11D3-BF4B-00C04F79EFBC}") = "RR_Quality_Bonus", "RR_Output_Entry\RR_Quality_Bonus.csproj", "{22C8C745-5CB2-4A5D-91D0-8352F99EA096}"
EndProject
Project("{FAE04EC0-301F-11D3-BF4B-00C04F79EFBC}") = "IE_Efficiency_Eval", "IE_Efficiency_Eval\IE_Efficiency_Eval.csproj", "{6BD14F6F-81E8-4AD1-8CEB-1C442FE246F2}"
EndProject
Project("{FAE04EC0-301F-11D3-BF4B-00C04F79EFBC}") = "Quality_Bonus", "Quality_Bonus\Quality_Bonus.csproj", "{373F7F64-422F-48DE-8C60-C6E4C6D4EA33}"
EndProject
Project("{FAE04EC0-301F-11D3-BF4B-00C04F79EFBC}") = "IE_Bonus_Calculation", "IE_Bonus_Calculation\IE_Bonus_Calculation.csproj", "{3059513E-D643-40AE-A0A2-669D7AC0ECB4}"
EndProject
Project("{FAE04EC0-301F-11D3-BF4B-00C04F79EFBC}") = "Employee_Swapping", "Employee_Swapping\Employee_Swapping.csproj", "{8EB15058-4770-4982-A123-4089851F9767}"
EndProject
Project("{FAE04EC0-301F-11D3-BF4B-00C04F79EFBC}") = "StitchingInput_Domestic", "StitchingInput_Domestic\StitchingInput_Domestic.csproj", "{6A2DA400-699C-4EA3-8284-946E65298EC7}"
EndProject
Project("{FAE04EC0-301F-11D3-BF4B-00C04F79EFBC}") = "F_SFC_TrackOut_AssemblyOrder", "F_SFC_TrackOut_AssemblyOrder\F_SFC_TrackOut_AssemblyOrder.csproj", "{17D2AC79-1188-4515-8825-9A09517EA4CC}"
EndProject
Project("{FAE04EC0-301F-11D3-BF4B-00C04F79EFBC}") = "AssemblyOutput_Domestic", "AssemblyOutput_Domestic\AssemblyOutput_Domestic.csproj", "{946F5B97-4A31-4C1F-90FD-E7723DB7F37C}"
EndProject
Project("{FAE04EC0-301F-11D3-BF4B-00C04F79EFBC}") = "F_SFC_TrackIn_AssemblyOrder", "F_SFC_TrackIn_AssemblyOrder\F_SFC_TrackIn_AssemblyOrder.csproj", "{2153DD3E-F40B-47B5-A88D-E6CFFFC28A74}"
EndProject
Project("{FAE04EC0-301F-11D3-BF4B-00C04F79EFBC}") = "Domestic_Schedule", "Domestic_Schedule\Domestic_Schedule.csproj", "{3B24BE2A-23D1-4016-AAEB-8EB767D2F840}"
EndProject
Project("{FAE04EC0-301F-11D3-BF4B-00C04F79EFBC}") = "RPT_SFC_PO_Tracking_List", "RPT_SFC_PO_ Tracking_List\RPT_SFC_PO_Tracking_List.csproj", "{9AB26F4B-8E1C-4F4C-971D-4F017B6422A5}"
EndProject
Project("{FAE04EC0-301F-11D3-BF4B-00C04F79EFBC}") = "Domestic_PO_Tracking", "Domestic_PO_Tracking\Domestic_PO_Tracking.csproj", "{716A4516-8424-4EF1-BFEB-9FF5795750B6}"
EndProject
Project("{FAE04EC0-301F-11D3-BF4B-00C04F79EFBC}") = "Outsole_Buffing_Entry", "Outsole_Buffing_Entry\Outsole_Buffing_Entry.csproj", "{5BB20B94-8874-4012-B75C-8117DF4758D4}"
EndProject
Project("{FAE04EC0-301F-11D3-BF4B-00C04F79EFBC}") = "AutoGenerationSchedulingOrder", "AutoGenerationSchedulingOrder\AutoGenerationSchedulingOrder.csproj", "{1356BF47-FCF8-4E84-892B-396E1FF5E9DA}"
EndProject
Project("{FAE04EC0-301F-11D3-BF4B-00C04F79EFBC}") = "AQL_Inspection_Report", "AQL_Inspection_Report\AQL_Inspection_Report.csproj", "{77897569-119E-4C27-BF15-681945857C33}"
EndProject
Project("{FAE04EC0-301F-11D3-BF4B-00C04F79EFBC}") = "PO Wise Material Inspection Results", "PO Wise Material Inspection Results\PO Wise Material Inspection Results.csproj", "{DAF40375-4E40-41CE-B32D-97932768BD9C}"
EndProject
Global
	GlobalSection(SolutionConfigurationPlatforms) = preSolution
		Debug|Any CPU = Debug|Any CPU
		Debug|x64 = Debug|x64
		Debug|x86 = Debug|x86
		Release|Any CPU = Release|Any CPU
		Release|x64 = Release|x64
		Release|x86 = Release|x86
	EndGlobalSection
	GlobalSection(ProjectConfigurationPlatforms) = postSolution
		{62F21ED8-65B4-425C-A994-0C7F7DE1B890}.Debug|Any CPU.ActiveCfg = Debug|Any CPU
		{62F21ED8-65B4-425C-A994-0C7F7DE1B890}.Debug|Any CPU.Build.0 = Debug|Any CPU
		{62F21ED8-65B4-425C-A994-0C7F7DE1B890}.Debug|x64.ActiveCfg = Debug|Any CPU
		{62F21ED8-65B4-425C-A994-0C7F7DE1B890}.Debug|x64.Build.0 = Debug|Any CPU
		{62F21ED8-65B4-425C-A994-0C7F7DE1B890}.Debug|x86.ActiveCfg = Debug|Any CPU
		{62F21ED8-65B4-425C-A994-0C7F7DE1B890}.Debug|x86.Build.0 = Debug|Any CPU
		{62F21ED8-65B4-425C-A994-0C7F7DE1B890}.Release|Any CPU.ActiveCfg = Release|Any CPU
		{62F21ED8-65B4-425C-A994-0C7F7DE1B890}.Release|Any CPU.Build.0 = Release|Any CPU
		{62F21ED8-65B4-425C-A994-0C7F7DE1B890}.Release|x64.ActiveCfg = Release|Any CPU
		{62F21ED8-65B4-425C-A994-0C7F7DE1B890}.Release|x64.Build.0 = Release|Any CPU
		{62F21ED8-65B4-425C-A994-0C7F7DE1B890}.Release|x86.ActiveCfg = Release|Any CPU
		{62F21ED8-65B4-425C-A994-0C7F7DE1B890}.Release|x86.Build.0 = Release|Any CPU
		{BC8C1D77-B870-4D99-BD54-53F4D585AAED}.Debug|Any CPU.ActiveCfg = Debug|Any CPU
		{BC8C1D77-B870-4D99-BD54-53F4D585AAED}.Debug|Any CPU.Build.0 = Debug|Any CPU
		{BC8C1D77-B870-4D99-BD54-53F4D585AAED}.Debug|x64.ActiveCfg = Debug|Any CPU
		{BC8C1D77-B870-4D99-BD54-53F4D585AAED}.Debug|x64.Build.0 = Debug|Any CPU
		{BC8C1D77-B870-4D99-BD54-53F4D585AAED}.Debug|x86.ActiveCfg = Debug|Any CPU
		{BC8C1D77-B870-4D99-BD54-53F4D585AAED}.Debug|x86.Build.0 = Debug|Any CPU
		{BC8C1D77-B870-4D99-BD54-53F4D585AAED}.Release|Any CPU.ActiveCfg = Release|Any CPU
		{BC8C1D77-B870-4D99-BD54-53F4D585AAED}.Release|Any CPU.Build.0 = Release|Any CPU
		{BC8C1D77-B870-4D99-BD54-53F4D585AAED}.Release|x64.ActiveCfg = Release|Any CPU
		{BC8C1D77-B870-4D99-BD54-53F4D585AAED}.Release|x64.Build.0 = Release|Any CPU
		{BC8C1D77-B870-4D99-BD54-53F4D585AAED}.Release|x86.ActiveCfg = Release|Any CPU
		{BC8C1D77-B870-4D99-BD54-53F4D585AAED}.Release|x86.Build.0 = Release|Any CPU
		{5E25B9BD-FCEB-4E96-BED7-2C41713FD5C3}.Debug|Any CPU.ActiveCfg = Debug|Any CPU
		{5E25B9BD-FCEB-4E96-BED7-2C41713FD5C3}.Debug|Any CPU.Build.0 = Debug|Any CPU
		{5E25B9BD-FCEB-4E96-BED7-2C41713FD5C3}.Debug|x64.ActiveCfg = Debug|Any CPU
		{5E25B9BD-FCEB-4E96-BED7-2C41713FD5C3}.Debug|x64.Build.0 = Debug|Any CPU
		{5E25B9BD-FCEB-4E96-BED7-2C41713FD5C3}.Debug|x86.ActiveCfg = Debug|Any CPU
		{5E25B9BD-FCEB-4E96-BED7-2C41713FD5C3}.Debug|x86.Build.0 = Debug|Any CPU
		{5E25B9BD-FCEB-4E96-BED7-2C41713FD5C3}.Release|Any CPU.ActiveCfg = Release|Any CPU
		{5E25B9BD-FCEB-4E96-BED7-2C41713FD5C3}.Release|Any CPU.Build.0 = Release|Any CPU
		{5E25B9BD-FCEB-4E96-BED7-2C41713FD5C3}.Release|x64.ActiveCfg = Release|Any CPU
		{5E25B9BD-FCEB-4E96-BED7-2C41713FD5C3}.Release|x64.Build.0 = Release|Any CPU
		{5E25B9BD-FCEB-4E96-BED7-2C41713FD5C3}.Release|x86.ActiveCfg = Release|Any CPU
		{5E25B9BD-FCEB-4E96-BED7-2C41713FD5C3}.Release|x86.Build.0 = Release|Any CPU
		{7B58F890-34A9-4230-A75C-E0D15DAE57A7}.Debug|Any CPU.ActiveCfg = Debug|Any CPU
		{7B58F890-34A9-4230-A75C-E0D15DAE57A7}.Debug|Any CPU.Build.0 = Debug|Any CPU
		{7B58F890-34A9-4230-A75C-E0D15DAE57A7}.Debug|x64.ActiveCfg = Debug|Any CPU
		{7B58F890-34A9-4230-A75C-E0D15DAE57A7}.Debug|x64.Build.0 = Debug|Any CPU
		{7B58F890-34A9-4230-A75C-E0D15DAE57A7}.Debug|x86.ActiveCfg = Debug|Any CPU
		{7B58F890-34A9-4230-A75C-E0D15DAE57A7}.Debug|x86.Build.0 = Debug|Any CPU
		{7B58F890-34A9-4230-A75C-E0D15DAE57A7}.Release|Any CPU.ActiveCfg = Release|Any CPU
		{7B58F890-34A9-4230-A75C-E0D15DAE57A7}.Release|Any CPU.Build.0 = Release|Any CPU
		{7B58F890-34A9-4230-A75C-E0D15DAE57A7}.Release|x64.ActiveCfg = Release|Any CPU
		{7B58F890-34A9-4230-A75C-E0D15DAE57A7}.Release|x64.Build.0 = Release|Any CPU
		{7B58F890-34A9-4230-A75C-E0D15DAE57A7}.Release|x86.ActiveCfg = Release|Any CPU
		{7B58F890-34A9-4230-A75C-E0D15DAE57A7}.Release|x86.Build.0 = Release|Any CPU
		{D0A44D1F-DB4F-4E20-A2CF-746BF1EC1BD6}.Debug|Any CPU.ActiveCfg = Debug|Any CPU
		{D0A44D1F-DB4F-4E20-A2CF-746BF1EC1BD6}.Debug|Any CPU.Build.0 = Debug|Any CPU
		{D0A44D1F-DB4F-4E20-A2CF-746BF1EC1BD6}.Debug|x64.ActiveCfg = Debug|Any CPU
		{D0A44D1F-DB4F-4E20-A2CF-746BF1EC1BD6}.Debug|x64.Build.0 = Debug|Any CPU
		{D0A44D1F-DB4F-4E20-A2CF-746BF1EC1BD6}.Debug|x86.ActiveCfg = Debug|Any CPU
		{D0A44D1F-DB4F-4E20-A2CF-746BF1EC1BD6}.Debug|x86.Build.0 = Debug|Any CPU
		{D0A44D1F-DB4F-4E20-A2CF-746BF1EC1BD6}.Release|Any CPU.ActiveCfg = Release|Any CPU
		{D0A44D1F-DB4F-4E20-A2CF-746BF1EC1BD6}.Release|Any CPU.Build.0 = Release|Any CPU
		{D0A44D1F-DB4F-4E20-A2CF-746BF1EC1BD6}.Release|x64.ActiveCfg = Release|Any CPU
		{D0A44D1F-DB4F-4E20-A2CF-746BF1EC1BD6}.Release|x64.Build.0 = Release|Any CPU
		{D0A44D1F-DB4F-4E20-A2CF-746BF1EC1BD6}.Release|x86.ActiveCfg = Release|Any CPU
		{D0A44D1F-DB4F-4E20-A2CF-746BF1EC1BD6}.Release|x86.Build.0 = Release|Any CPU
		{1A6BDF77-16C1-45E8-9FD9-61153E454A93}.Debug|Any CPU.ActiveCfg = Debug|Any CPU
		{1A6BDF77-16C1-45E8-9FD9-61153E454A93}.Debug|Any CPU.Build.0 = Debug|Any CPU
		{1A6BDF77-16C1-45E8-9FD9-61153E454A93}.Debug|x64.ActiveCfg = Debug|Any CPU
		{1A6BDF77-16C1-45E8-9FD9-61153E454A93}.Debug|x64.Build.0 = Debug|Any CPU
		{1A6BDF77-16C1-45E8-9FD9-61153E454A93}.Debug|x86.ActiveCfg = Debug|Any CPU
		{1A6BDF77-16C1-45E8-9FD9-61153E454A93}.Debug|x86.Build.0 = Debug|Any CPU
		{1A6BDF77-16C1-45E8-9FD9-61153E454A93}.Release|Any CPU.ActiveCfg = Release|Any CPU
		{1A6BDF77-16C1-45E8-9FD9-61153E454A93}.Release|Any CPU.Build.0 = Release|Any CPU
		{1A6BDF77-16C1-45E8-9FD9-61153E454A93}.Release|x64.ActiveCfg = Release|Any CPU
		{1A6BDF77-16C1-45E8-9FD9-61153E454A93}.Release|x64.Build.0 = Release|Any CPU
		{1A6BDF77-16C1-45E8-9FD9-61153E454A93}.Release|x86.ActiveCfg = Release|Any CPU
		{1A6BDF77-16C1-45E8-9FD9-61153E454A93}.Release|x86.Build.0 = Release|Any CPU
		{6BC7F45C-4202-4366-BC7B-6C156C1835C6}.Debug|Any CPU.ActiveCfg = Debug|Any CPU
		{6BC7F45C-4202-4366-BC7B-6C156C1835C6}.Debug|Any CPU.Build.0 = Debug|Any CPU
		{6BC7F45C-4202-4366-BC7B-6C156C1835C6}.Debug|x64.ActiveCfg = Debug|Any CPU
		{6BC7F45C-4202-4366-BC7B-6C156C1835C6}.Debug|x64.Build.0 = Debug|Any CPU
		{6BC7F45C-4202-4366-BC7B-6C156C1835C6}.Debug|x86.ActiveCfg = Debug|Any CPU
		{6BC7F45C-4202-4366-BC7B-6C156C1835C6}.Debug|x86.Build.0 = Debug|Any CPU
		{6BC7F45C-4202-4366-BC7B-6C156C1835C6}.Release|Any CPU.ActiveCfg = Release|Any CPU
		{6BC7F45C-4202-4366-BC7B-6C156C1835C6}.Release|Any CPU.Build.0 = Release|Any CPU
		{6BC7F45C-4202-4366-BC7B-6C156C1835C6}.Release|x64.ActiveCfg = Release|Any CPU
		{6BC7F45C-4202-4366-BC7B-6C156C1835C6}.Release|x64.Build.0 = Release|Any CPU
		{6BC7F45C-4202-4366-BC7B-6C156C1835C6}.Release|x86.ActiveCfg = Release|Any CPU
		{6BC7F45C-4202-4366-BC7B-6C156C1835C6}.Release|x86.Build.0 = Release|Any CPU
		{28908B54-5243-4228-BEFE-1359C0CA44C6}.Debug|Any CPU.ActiveCfg = Debug|Any CPU
		{28908B54-5243-4228-BEFE-1359C0CA44C6}.Debug|Any CPU.Build.0 = Debug|Any CPU
		{28908B54-5243-4228-BEFE-1359C0CA44C6}.Debug|x64.ActiveCfg = Debug|Any CPU
		{28908B54-5243-4228-BEFE-1359C0CA44C6}.Debug|x64.Build.0 = Debug|Any CPU
		{28908B54-5243-4228-BEFE-1359C0CA44C6}.Debug|x86.ActiveCfg = Debug|Any CPU
		{28908B54-5243-4228-BEFE-1359C0CA44C6}.Debug|x86.Build.0 = Debug|Any CPU
		{28908B54-5243-4228-BEFE-1359C0CA44C6}.Release|Any CPU.ActiveCfg = Release|Any CPU
		{28908B54-5243-4228-BEFE-1359C0CA44C6}.Release|Any CPU.Build.0 = Release|Any CPU
		{28908B54-5243-4228-BEFE-1359C0CA44C6}.Release|x64.ActiveCfg = Release|Any CPU
		{28908B54-5243-4228-BEFE-1359C0CA44C6}.Release|x64.Build.0 = Release|Any CPU
		{28908B54-5243-4228-BEFE-1359C0CA44C6}.Release|x86.ActiveCfg = Release|Any CPU
		{28908B54-5243-4228-BEFE-1359C0CA44C6}.Release|x86.Build.0 = Release|Any CPU
		{072781C0-D03B-461E-BA31-62897B5BF1B2}.Debug|Any CPU.ActiveCfg = Debug|Any CPU
		{072781C0-D03B-461E-BA31-62897B5BF1B2}.Debug|Any CPU.Build.0 = Debug|Any CPU
		{072781C0-D03B-461E-BA31-62897B5BF1B2}.Debug|x64.ActiveCfg = Debug|Any CPU
		{072781C0-D03B-461E-BA31-62897B5BF1B2}.Debug|x64.Build.0 = Debug|Any CPU
		{072781C0-D03B-461E-BA31-62897B5BF1B2}.Debug|x86.ActiveCfg = Debug|Any CPU
		{072781C0-D03B-461E-BA31-62897B5BF1B2}.Debug|x86.Build.0 = Debug|Any CPU
		{072781C0-D03B-461E-BA31-62897B5BF1B2}.Release|Any CPU.ActiveCfg = Release|Any CPU
		{072781C0-D03B-461E-BA31-62897B5BF1B2}.Release|Any CPU.Build.0 = Release|Any CPU
		{072781C0-D03B-461E-BA31-62897B5BF1B2}.Release|x64.ActiveCfg = Release|Any CPU
		{072781C0-D03B-461E-BA31-62897B5BF1B2}.Release|x64.Build.0 = Release|Any CPU
		{072781C0-D03B-461E-BA31-62897B5BF1B2}.Release|x86.ActiveCfg = Release|Any CPU
		{072781C0-D03B-461E-BA31-62897B5BF1B2}.Release|x86.Build.0 = Release|Any CPU
		{FFB56DCF-339D-4744-BFFC-656E61D63830}.Debug|Any CPU.ActiveCfg = Debug|Any CPU
		{FFB56DCF-339D-4744-BFFC-656E61D63830}.Debug|Any CPU.Build.0 = Debug|Any CPU
		{FFB56DCF-339D-4744-BFFC-656E61D63830}.Debug|x64.ActiveCfg = Debug|Any CPU
		{FFB56DCF-339D-4744-BFFC-656E61D63830}.Debug|x64.Build.0 = Debug|Any CPU
		{FFB56DCF-339D-4744-BFFC-656E61D63830}.Debug|x86.ActiveCfg = Debug|Any CPU
		{FFB56DCF-339D-4744-BFFC-656E61D63830}.Debug|x86.Build.0 = Debug|Any CPU
		{FFB56DCF-339D-4744-BFFC-656E61D63830}.Release|Any CPU.ActiveCfg = Release|Any CPU
		{FFB56DCF-339D-4744-BFFC-656E61D63830}.Release|Any CPU.Build.0 = Release|Any CPU
		{FFB56DCF-339D-4744-BFFC-656E61D63830}.Release|x64.ActiveCfg = Release|Any CPU
		{FFB56DCF-339D-4744-BFFC-656E61D63830}.Release|x64.Build.0 = Release|Any CPU
		{FFB56DCF-339D-4744-BFFC-656E61D63830}.Release|x86.ActiveCfg = Release|Any CPU
		{FFB56DCF-339D-4744-BFFC-656E61D63830}.Release|x86.Build.0 = Release|Any CPU
		{5D496143-BCEC-48EA-9BA4-747392C8EC71}.Debug|Any CPU.ActiveCfg = Debug|Any CPU
		{5D496143-BCEC-48EA-9BA4-747392C8EC71}.Debug|Any CPU.Build.0 = Debug|Any CPU
		{5D496143-BCEC-48EA-9BA4-747392C8EC71}.Debug|x64.ActiveCfg = Debug|Any CPU
		{5D496143-BCEC-48EA-9BA4-747392C8EC71}.Debug|x64.Build.0 = Debug|Any CPU
		{5D496143-BCEC-48EA-9BA4-747392C8EC71}.Debug|x86.ActiveCfg = Debug|Any CPU
		{5D496143-BCEC-48EA-9BA4-747392C8EC71}.Debug|x86.Build.0 = Debug|Any CPU
		{5D496143-BCEC-48EA-9BA4-747392C8EC71}.Release|Any CPU.ActiveCfg = Release|Any CPU
		{5D496143-BCEC-48EA-9BA4-747392C8EC71}.Release|Any CPU.Build.0 = Release|Any CPU
		{5D496143-BCEC-48EA-9BA4-747392C8EC71}.Release|x64.ActiveCfg = Release|Any CPU
		{5D496143-BCEC-48EA-9BA4-747392C8EC71}.Release|x64.Build.0 = Release|Any CPU
		{5D496143-BCEC-48EA-9BA4-747392C8EC71}.Release|x86.ActiveCfg = Release|Any CPU
		{5D496143-BCEC-48EA-9BA4-747392C8EC71}.Release|x86.Build.0 = Release|Any CPU
		{9665F342-8048-4937-AA82-350B871AFCF6}.Debug|Any CPU.ActiveCfg = Debug|Any CPU
		{9665F342-8048-4937-AA82-350B871AFCF6}.Debug|Any CPU.Build.0 = Debug|Any CPU
		{9665F342-8048-4937-AA82-350B871AFCF6}.Debug|x64.ActiveCfg = Debug|Any CPU
		{9665F342-8048-4937-AA82-350B871AFCF6}.Debug|x64.Build.0 = Debug|Any CPU
		{9665F342-8048-4937-AA82-350B871AFCF6}.Debug|x86.ActiveCfg = Debug|Any CPU
		{9665F342-8048-4937-AA82-350B871AFCF6}.Debug|x86.Build.0 = Debug|Any CPU
		{9665F342-8048-4937-AA82-350B871AFCF6}.Release|Any CPU.ActiveCfg = Release|Any CPU
		{9665F342-8048-4937-AA82-350B871AFCF6}.Release|Any CPU.Build.0 = Release|Any CPU
		{9665F342-8048-4937-AA82-350B871AFCF6}.Release|x64.ActiveCfg = Release|Any CPU
		{9665F342-8048-4937-AA82-350B871AFCF6}.Release|x64.Build.0 = Release|Any CPU
		{9665F342-8048-4937-AA82-350B871AFCF6}.Release|x86.ActiveCfg = Release|Any CPU
		{9665F342-8048-4937-AA82-350B871AFCF6}.Release|x86.Build.0 = Release|Any CPU
		{E02AA3FB-A5E9-44EA-8DC4-300957E712F7}.Debug|Any CPU.ActiveCfg = Debug|Any CPU
		{E02AA3FB-A5E9-44EA-8DC4-300957E712F7}.Debug|Any CPU.Build.0 = Debug|Any CPU
		{E02AA3FB-A5E9-44EA-8DC4-300957E712F7}.Debug|x64.ActiveCfg = Debug|Any CPU
		{E02AA3FB-A5E9-44EA-8DC4-300957E712F7}.Debug|x64.Build.0 = Debug|Any CPU
		{E02AA3FB-A5E9-44EA-8DC4-300957E712F7}.Debug|x86.ActiveCfg = Debug|Any CPU
		{E02AA3FB-A5E9-44EA-8DC4-300957E712F7}.Debug|x86.Build.0 = Debug|Any CPU
		{E02AA3FB-A5E9-44EA-8DC4-300957E712F7}.Release|Any CPU.ActiveCfg = Release|Any CPU
		{E02AA3FB-A5E9-44EA-8DC4-300957E712F7}.Release|Any CPU.Build.0 = Release|Any CPU
		{E02AA3FB-A5E9-44EA-8DC4-300957E712F7}.Release|x64.ActiveCfg = Release|Any CPU
		{E02AA3FB-A5E9-44EA-8DC4-300957E712F7}.Release|x64.Build.0 = Release|Any CPU
		{E02AA3FB-A5E9-44EA-8DC4-300957E712F7}.Release|x86.ActiveCfg = Release|Any CPU
		{E02AA3FB-A5E9-44EA-8DC4-300957E712F7}.Release|x86.Build.0 = Release|Any CPU
		{5B8E5019-3751-4B91-9463-4947B245A03A}.Debug|Any CPU.ActiveCfg = Debug|Any CPU
		{5B8E5019-3751-4B91-9463-4947B245A03A}.Debug|Any CPU.Build.0 = Debug|Any CPU
		{5B8E5019-3751-4B91-9463-4947B245A03A}.Debug|x64.ActiveCfg = Debug|Any CPU
		{5B8E5019-3751-4B91-9463-4947B245A03A}.Debug|x64.Build.0 = Debug|Any CPU
		{5B8E5019-3751-4B91-9463-4947B245A03A}.Debug|x86.ActiveCfg = Debug|Any CPU
		{5B8E5019-3751-4B91-9463-4947B245A03A}.Debug|x86.Build.0 = Debug|Any CPU
		{5B8E5019-3751-4B91-9463-4947B245A03A}.Release|Any CPU.ActiveCfg = Release|Any CPU
		{5B8E5019-3751-4B91-9463-4947B245A03A}.Release|Any CPU.Build.0 = Release|Any CPU
		{5B8E5019-3751-4B91-9463-4947B245A03A}.Release|x64.ActiveCfg = Release|Any CPU
		{5B8E5019-3751-4B91-9463-4947B245A03A}.Release|x64.Build.0 = Release|Any CPU
		{5B8E5019-3751-4B91-9463-4947B245A03A}.Release|x86.ActiveCfg = Release|Any CPU
		{5B8E5019-3751-4B91-9463-4947B245A03A}.Release|x86.Build.0 = Release|Any CPU
		{3F939044-2270-4D78-B23E-CCFE08510DFA}.Debug|Any CPU.ActiveCfg = Debug|Any CPU
		{3F939044-2270-4D78-B23E-CCFE08510DFA}.Debug|Any CPU.Build.0 = Debug|Any CPU
		{3F939044-2270-4D78-B23E-CCFE08510DFA}.Debug|x64.ActiveCfg = Debug|Any CPU
		{3F939044-2270-4D78-B23E-CCFE08510DFA}.Debug|x64.Build.0 = Debug|Any CPU
		{3F939044-2270-4D78-B23E-CCFE08510DFA}.Debug|x86.ActiveCfg = Debug|Any CPU
		{3F939044-2270-4D78-B23E-CCFE08510DFA}.Debug|x86.Build.0 = Debug|Any CPU
		{3F939044-2270-4D78-B23E-CCFE08510DFA}.Release|Any CPU.ActiveCfg = Release|Any CPU
		{3F939044-2270-4D78-B23E-CCFE08510DFA}.Release|Any CPU.Build.0 = Release|Any CPU
		{3F939044-2270-4D78-B23E-CCFE08510DFA}.Release|x64.ActiveCfg = Release|Any CPU
		{3F939044-2270-4D78-B23E-CCFE08510DFA}.Release|x64.Build.0 = Release|Any CPU
		{3F939044-2270-4D78-B23E-CCFE08510DFA}.Release|x86.ActiveCfg = Release|Any CPU
		{3F939044-2270-4D78-B23E-CCFE08510DFA}.Release|x86.Build.0 = Release|Any CPU
		{6A483C7A-92E1-4A65-A5FD-ECB5F4930373}.Debug|Any CPU.ActiveCfg = Debug|Any CPU
		{6A483C7A-92E1-4A65-A5FD-ECB5F4930373}.Debug|Any CPU.Build.0 = Debug|Any CPU
		{6A483C7A-92E1-4A65-A5FD-ECB5F4930373}.Debug|x64.ActiveCfg = Debug|x64
		{6A483C7A-92E1-4A65-A5FD-ECB5F4930373}.Debug|x64.Build.0 = Debug|x64
		{6A483C7A-92E1-4A65-A5FD-ECB5F4930373}.Debug|x86.ActiveCfg = Debug|x86
		{6A483C7A-92E1-4A65-A5FD-ECB5F4930373}.Debug|x86.Build.0 = Debug|x86
		{6A483C7A-92E1-4A65-A5FD-ECB5F4930373}.Release|Any CPU.ActiveCfg = Release|Any CPU
		{6A483C7A-92E1-4A65-A5FD-ECB5F4930373}.Release|Any CPU.Build.0 = Release|Any CPU
		{6A483C7A-92E1-4A65-A5FD-ECB5F4930373}.Release|x64.ActiveCfg = Release|x64
		{6A483C7A-92E1-4A65-A5FD-ECB5F4930373}.Release|x64.Build.0 = Release|x64
		{6A483C7A-92E1-4A65-A5FD-ECB5F4930373}.Release|x86.ActiveCfg = Release|x86
		{6A483C7A-92E1-4A65-A5FD-ECB5F4930373}.Release|x86.Build.0 = Release|x86
		{5A16CB5F-3181-4C91-AD8F-499CFE2AF9C1}.Debug|Any CPU.ActiveCfg = Debug|Any CPU
		{5A16CB5F-3181-4C91-AD8F-499CFE2AF9C1}.Debug|Any CPU.Build.0 = Debug|Any CPU
		{5A16CB5F-3181-4C91-AD8F-499CFE2AF9C1}.Debug|x64.ActiveCfg = Debug|Any CPU
		{5A16CB5F-3181-4C91-AD8F-499CFE2AF9C1}.Debug|x64.Build.0 = Debug|Any CPU
		{5A16CB5F-3181-4C91-AD8F-499CFE2AF9C1}.Debug|x86.ActiveCfg = Debug|Any CPU
		{5A16CB5F-3181-4C91-AD8F-499CFE2AF9C1}.Debug|x86.Build.0 = Debug|Any CPU
		{5A16CB5F-3181-4C91-AD8F-499CFE2AF9C1}.Release|Any CPU.ActiveCfg = Release|Any CPU
		{5A16CB5F-3181-4C91-AD8F-499CFE2AF9C1}.Release|Any CPU.Build.0 = Release|Any CPU
		{5A16CB5F-3181-4C91-AD8F-499CFE2AF9C1}.Release|x64.ActiveCfg = Release|Any CPU
		{5A16CB5F-3181-4C91-AD8F-499CFE2AF9C1}.Release|x64.Build.0 = Release|Any CPU
		{5A16CB5F-3181-4C91-AD8F-499CFE2AF9C1}.Release|x86.ActiveCfg = Release|Any CPU
		{5A16CB5F-3181-4C91-AD8F-499CFE2AF9C1}.Release|x86.Build.0 = Release|Any CPU
		{F413C4E0-C1B4-4FEF-954D-D3754B53DC72}.Debug|Any CPU.ActiveCfg = Debug|Any CPU
		{F413C4E0-C1B4-4FEF-954D-D3754B53DC72}.Debug|Any CPU.Build.0 = Debug|Any CPU
		{F413C4E0-C1B4-4FEF-954D-D3754B53DC72}.Debug|x64.ActiveCfg = Debug|Any CPU
		{F413C4E0-C1B4-4FEF-954D-D3754B53DC72}.Debug|x64.Build.0 = Debug|Any CPU
		{F413C4E0-C1B4-4FEF-954D-D3754B53DC72}.Debug|x86.ActiveCfg = Debug|Any CPU
		{F413C4E0-C1B4-4FEF-954D-D3754B53DC72}.Debug|x86.Build.0 = Debug|Any CPU
		{F413C4E0-C1B4-4FEF-954D-D3754B53DC72}.Release|Any CPU.ActiveCfg = Release|Any CPU
		{F413C4E0-C1B4-4FEF-954D-D3754B53DC72}.Release|Any CPU.Build.0 = Release|Any CPU
		{F413C4E0-C1B4-4FEF-954D-D3754B53DC72}.Release|x64.ActiveCfg = Release|Any CPU
		{F413C4E0-C1B4-4FEF-954D-D3754B53DC72}.Release|x64.Build.0 = Release|Any CPU
		{F413C4E0-C1B4-4FEF-954D-D3754B53DC72}.Release|x86.ActiveCfg = Release|Any CPU
		{F413C4E0-C1B4-4FEF-954D-D3754B53DC72}.Release|x86.Build.0 = Release|Any CPU
		{900B609A-017A-4C54-AB29-5AF1B1F90D4A}.Debug|Any CPU.ActiveCfg = Debug|Any CPU
		{900B609A-017A-4C54-AB29-5AF1B1F90D4A}.Debug|Any CPU.Build.0 = Debug|Any CPU
		{900B609A-017A-4C54-AB29-5AF1B1F90D4A}.Debug|x64.ActiveCfg = Debug|Any CPU
		{900B609A-017A-4C54-AB29-5AF1B1F90D4A}.Debug|x64.Build.0 = Debug|Any CPU
		{900B609A-017A-4C54-AB29-5AF1B1F90D4A}.Debug|x86.ActiveCfg = Debug|Any CPU
		{900B609A-017A-4C54-AB29-5AF1B1F90D4A}.Debug|x86.Build.0 = Debug|Any CPU
		{900B609A-017A-4C54-AB29-5AF1B1F90D4A}.Release|Any CPU.ActiveCfg = Release|Any CPU
		{900B609A-017A-4C54-AB29-5AF1B1F90D4A}.Release|Any CPU.Build.0 = Release|Any CPU
		{900B609A-017A-4C54-AB29-5AF1B1F90D4A}.Release|x64.ActiveCfg = Release|Any CPU
		{900B609A-017A-4C54-AB29-5AF1B1F90D4A}.Release|x64.Build.0 = Release|Any CPU
		{900B609A-017A-4C54-AB29-5AF1B1F90D4A}.Release|x86.ActiveCfg = Release|Any CPU
		{900B609A-017A-4C54-AB29-5AF1B1F90D4A}.Release|x86.Build.0 = Release|Any CPU
		{F9068432-B3A8-418D-B947-EBA12615F60F}.Debug|Any CPU.ActiveCfg = Debug|Any CPU
		{F9068432-B3A8-418D-B947-EBA12615F60F}.Debug|Any CPU.Build.0 = Debug|Any CPU
		{F9068432-B3A8-418D-B947-EBA12615F60F}.Debug|x64.ActiveCfg = Debug|Any CPU
		{F9068432-B3A8-418D-B947-EBA12615F60F}.Debug|x64.Build.0 = Debug|Any CPU
		{F9068432-B3A8-418D-B947-EBA12615F60F}.Debug|x86.ActiveCfg = Debug|Any CPU
		{F9068432-B3A8-418D-B947-EBA12615F60F}.Debug|x86.Build.0 = Debug|Any CPU
		{F9068432-B3A8-418D-B947-EBA12615F60F}.Release|Any CPU.ActiveCfg = Release|Any CPU
		{F9068432-B3A8-418D-B947-EBA12615F60F}.Release|Any CPU.Build.0 = Release|Any CPU
		{F9068432-B3A8-418D-B947-EBA12615F60F}.Release|x64.ActiveCfg = Release|Any CPU
		{F9068432-B3A8-418D-B947-EBA12615F60F}.Release|x64.Build.0 = Release|Any CPU
		{F9068432-B3A8-418D-B947-EBA12615F60F}.Release|x86.ActiveCfg = Release|Any CPU
		{F9068432-B3A8-418D-B947-EBA12615F60F}.Release|x86.Build.0 = Release|Any CPU
		{CEC6CBCB-06A5-4B84-B49D-7CE208D52A69}.Debug|Any CPU.ActiveCfg = Debug|Any CPU
		{CEC6CBCB-06A5-4B84-B49D-7CE208D52A69}.Debug|Any CPU.Build.0 = Debug|Any CPU
		{CEC6CBCB-06A5-4B84-B49D-7CE208D52A69}.Debug|x64.ActiveCfg = Debug|Any CPU
		{CEC6CBCB-06A5-4B84-B49D-7CE208D52A69}.Debug|x64.Build.0 = Debug|Any CPU
		{CEC6CBCB-06A5-4B84-B49D-7CE208D52A69}.Debug|x86.ActiveCfg = Debug|Any CPU
		{CEC6CBCB-06A5-4B84-B49D-7CE208D52A69}.Debug|x86.Build.0 = Debug|Any CPU
		{CEC6CBCB-06A5-4B84-B49D-7CE208D52A69}.Release|Any CPU.ActiveCfg = Release|Any CPU
		{CEC6CBCB-06A5-4B84-B49D-7CE208D52A69}.Release|Any CPU.Build.0 = Release|Any CPU
		{CEC6CBCB-06A5-4B84-B49D-7CE208D52A69}.Release|x64.ActiveCfg = Release|Any CPU
		{CEC6CBCB-06A5-4B84-B49D-7CE208D52A69}.Release|x64.Build.0 = Release|Any CPU
		{CEC6CBCB-06A5-4B84-B49D-7CE208D52A69}.Release|x86.ActiveCfg = Release|Any CPU
		{CEC6CBCB-06A5-4B84-B49D-7CE208D52A69}.Release|x86.Build.0 = Release|Any CPU
		{3B9DCD36-1B1B-4375-B6D0-E24F82F889BD}.Debug|Any CPU.ActiveCfg = Debug|Any CPU
		{3B9DCD36-1B1B-4375-B6D0-E24F82F889BD}.Debug|Any CPU.Build.0 = Debug|Any CPU
		{3B9DCD36-1B1B-4375-B6D0-E24F82F889BD}.Debug|x64.ActiveCfg = Debug|Any CPU
		{3B9DCD36-1B1B-4375-B6D0-E24F82F889BD}.Debug|x64.Build.0 = Debug|Any CPU
		{3B9DCD36-1B1B-4375-B6D0-E24F82F889BD}.Debug|x86.ActiveCfg = Debug|Any CPU
		{3B9DCD36-1B1B-4375-B6D0-E24F82F889BD}.Debug|x86.Build.0 = Debug|Any CPU
		{3B9DCD36-1B1B-4375-B6D0-E24F82F889BD}.Release|Any CPU.ActiveCfg = Release|Any CPU
		{3B9DCD36-1B1B-4375-B6D0-E24F82F889BD}.Release|Any CPU.Build.0 = Release|Any CPU
		{3B9DCD36-1B1B-4375-B6D0-E24F82F889BD}.Release|x64.ActiveCfg = Release|Any CPU
		{3B9DCD36-1B1B-4375-B6D0-E24F82F889BD}.Release|x64.Build.0 = Release|Any CPU
		{3B9DCD36-1B1B-4375-B6D0-E24F82F889BD}.Release|x86.ActiveCfg = Release|Any CPU
		{3B9DCD36-1B1B-4375-B6D0-E24F82F889BD}.Release|x86.Build.0 = Release|Any CPU
		{23BBBE6D-2D31-4DF9-BB64-D645F994492D}.Debug|Any CPU.ActiveCfg = Debug|Any CPU
		{23BBBE6D-2D31-4DF9-BB64-D645F994492D}.Debug|Any CPU.Build.0 = Debug|Any CPU
		{23BBBE6D-2D31-4DF9-BB64-D645F994492D}.Debug|x64.ActiveCfg = Debug|Any CPU
		{23BBBE6D-2D31-4DF9-BB64-D645F994492D}.Debug|x64.Build.0 = Debug|Any CPU
		{23BBBE6D-2D31-4DF9-BB64-D645F994492D}.Debug|x86.ActiveCfg = Debug|Any CPU
		{23BBBE6D-2D31-4DF9-BB64-D645F994492D}.Debug|x86.Build.0 = Debug|Any CPU
		{23BBBE6D-2D31-4DF9-BB64-D645F994492D}.Release|Any CPU.ActiveCfg = Release|Any CPU
		{23BBBE6D-2D31-4DF9-BB64-D645F994492D}.Release|Any CPU.Build.0 = Release|Any CPU
		{23BBBE6D-2D31-4DF9-BB64-D645F994492D}.Release|x64.ActiveCfg = Release|Any CPU
		{23BBBE6D-2D31-4DF9-BB64-D645F994492D}.Release|x64.Build.0 = Release|Any CPU
		{23BBBE6D-2D31-4DF9-BB64-D645F994492D}.Release|x86.ActiveCfg = Release|Any CPU
		{23BBBE6D-2D31-4DF9-BB64-D645F994492D}.Release|x86.Build.0 = Release|Any CPU
		{7FF7BE8F-2618-4D7B-AA63-05B46044B1A0}.Debug|Any CPU.ActiveCfg = Debug|Any CPU
		{7FF7BE8F-2618-4D7B-AA63-05B46044B1A0}.Debug|Any CPU.Build.0 = Debug|Any CPU
		{7FF7BE8F-2618-4D7B-AA63-05B46044B1A0}.Debug|x64.ActiveCfg = Debug|Any CPU
		{7FF7BE8F-2618-4D7B-AA63-05B46044B1A0}.Debug|x64.Build.0 = Debug|Any CPU
		{7FF7BE8F-2618-4D7B-AA63-05B46044B1A0}.Debug|x86.ActiveCfg = Debug|Any CPU
		{7FF7BE8F-2618-4D7B-AA63-05B46044B1A0}.Debug|x86.Build.0 = Debug|Any CPU
		{7FF7BE8F-2618-4D7B-AA63-05B46044B1A0}.Release|Any CPU.ActiveCfg = Release|Any CPU
		{7FF7BE8F-2618-4D7B-AA63-05B46044B1A0}.Release|Any CPU.Build.0 = Release|Any CPU
		{7FF7BE8F-2618-4D7B-AA63-05B46044B1A0}.Release|x64.ActiveCfg = Release|Any CPU
		{7FF7BE8F-2618-4D7B-AA63-05B46044B1A0}.Release|x64.Build.0 = Release|Any CPU
		{7FF7BE8F-2618-4D7B-AA63-05B46044B1A0}.Release|x86.ActiveCfg = Release|Any CPU
		{7FF7BE8F-2618-4D7B-AA63-05B46044B1A0}.Release|x86.Build.0 = Release|Any CPU
		{7EF597D2-0BB7-492A-986A-67D89EC6D9DC}.Debug|Any CPU.ActiveCfg = Debug|Any CPU
		{7EF597D2-0BB7-492A-986A-67D89EC6D9DC}.Debug|Any CPU.Build.0 = Debug|Any CPU
		{7EF597D2-0BB7-492A-986A-67D89EC6D9DC}.Debug|x64.ActiveCfg = Debug|Any CPU
		{7EF597D2-0BB7-492A-986A-67D89EC6D9DC}.Debug|x64.Build.0 = Debug|Any CPU
		{7EF597D2-0BB7-492A-986A-67D89EC6D9DC}.Debug|x86.ActiveCfg = Debug|Any CPU
		{7EF597D2-0BB7-492A-986A-67D89EC6D9DC}.Debug|x86.Build.0 = Debug|Any CPU
		{7EF597D2-0BB7-492A-986A-67D89EC6D9DC}.Release|Any CPU.ActiveCfg = Release|Any CPU
		{7EF597D2-0BB7-492A-986A-67D89EC6D9DC}.Release|Any CPU.Build.0 = Release|Any CPU
		{7EF597D2-0BB7-492A-986A-67D89EC6D9DC}.Release|x64.ActiveCfg = Release|Any CPU
		{7EF597D2-0BB7-492A-986A-67D89EC6D9DC}.Release|x64.Build.0 = Release|Any CPU
		{7EF597D2-0BB7-492A-986A-67D89EC6D9DC}.Release|x86.ActiveCfg = Release|Any CPU
		{7EF597D2-0BB7-492A-986A-67D89EC6D9DC}.Release|x86.Build.0 = Release|Any CPU
		{2F55E760-7324-4659-961F-D9688BBD9D0F}.Debug|Any CPU.ActiveCfg = Debug|Any CPU
		{2F55E760-7324-4659-961F-D9688BBD9D0F}.Debug|Any CPU.Build.0 = Debug|Any CPU
		{2F55E760-7324-4659-961F-D9688BBD9D0F}.Debug|x64.ActiveCfg = Debug|Any CPU
		{2F55E760-7324-4659-961F-D9688BBD9D0F}.Debug|x64.Build.0 = Debug|Any CPU
		{2F55E760-7324-4659-961F-D9688BBD9D0F}.Debug|x86.ActiveCfg = Debug|Any CPU
		{2F55E760-7324-4659-961F-D9688BBD9D0F}.Debug|x86.Build.0 = Debug|Any CPU
		{2F55E760-7324-4659-961F-D9688BBD9D0F}.Release|Any CPU.ActiveCfg = Release|Any CPU
		{2F55E760-7324-4659-961F-D9688BBD9D0F}.Release|Any CPU.Build.0 = Release|Any CPU
		{2F55E760-7324-4659-961F-D9688BBD9D0F}.Release|x64.ActiveCfg = Release|Any CPU
		{2F55E760-7324-4659-961F-D9688BBD9D0F}.Release|x64.Build.0 = Release|Any CPU
		{2F55E760-7324-4659-961F-D9688BBD9D0F}.Release|x86.ActiveCfg = Release|Any CPU
		{2F55E760-7324-4659-961F-D9688BBD9D0F}.Release|x86.Build.0 = Release|Any CPU
		{43B07AE1-022C-4EC3-9BED-5004770E4F4E}.Debug|Any CPU.ActiveCfg = Debug|Any CPU
		{43B07AE1-022C-4EC3-9BED-5004770E4F4E}.Debug|Any CPU.Build.0 = Debug|Any CPU
		{43B07AE1-022C-4EC3-9BED-5004770E4F4E}.Debug|x64.ActiveCfg = Debug|Any CPU
		{43B07AE1-022C-4EC3-9BED-5004770E4F4E}.Debug|x64.Build.0 = Debug|Any CPU
		{43B07AE1-022C-4EC3-9BED-5004770E4F4E}.Debug|x86.ActiveCfg = Debug|Any CPU
		{43B07AE1-022C-4EC3-9BED-5004770E4F4E}.Debug|x86.Build.0 = Debug|Any CPU
		{43B07AE1-022C-4EC3-9BED-5004770E4F4E}.Release|Any CPU.ActiveCfg = Release|Any CPU
		{43B07AE1-022C-4EC3-9BED-5004770E4F4E}.Release|Any CPU.Build.0 = Release|Any CPU
		{43B07AE1-022C-4EC3-9BED-5004770E4F4E}.Release|x64.ActiveCfg = Release|Any CPU
		{43B07AE1-022C-4EC3-9BED-5004770E4F4E}.Release|x64.Build.0 = Release|Any CPU
		{43B07AE1-022C-4EC3-9BED-5004770E4F4E}.Release|x86.ActiveCfg = Release|Any CPU
		{43B07AE1-022C-4EC3-9BED-5004770E4F4E}.Release|x86.Build.0 = Release|Any CPU
		{8A571F31-1512-4845-AB97-C176C7714877}.Debug|Any CPU.ActiveCfg = Debug|Any CPU
		{8A571F31-1512-4845-AB97-C176C7714877}.Debug|Any CPU.Build.0 = Debug|Any CPU
		{8A571F31-1512-4845-AB97-C176C7714877}.Debug|x64.ActiveCfg = Debug|Any CPU
		{8A571F31-1512-4845-AB97-C176C7714877}.Debug|x64.Build.0 = Debug|Any CPU
		{8A571F31-1512-4845-AB97-C176C7714877}.Debug|x86.ActiveCfg = Debug|Any CPU
		{8A571F31-1512-4845-AB97-C176C7714877}.Debug|x86.Build.0 = Debug|Any CPU
		{8A571F31-1512-4845-AB97-C176C7714877}.Release|Any CPU.ActiveCfg = Release|Any CPU
		{8A571F31-1512-4845-AB97-C176C7714877}.Release|Any CPU.Build.0 = Release|Any CPU
		{8A571F31-1512-4845-AB97-C176C7714877}.Release|x64.ActiveCfg = Release|Any CPU
		{8A571F31-1512-4845-AB97-C176C7714877}.Release|x64.Build.0 = Release|Any CPU
		{8A571F31-1512-4845-AB97-C176C7714877}.Release|x86.ActiveCfg = Release|Any CPU
		{8A571F31-1512-4845-AB97-C176C7714877}.Release|x86.Build.0 = Release|Any CPU
		{B04BAF70-FED2-47E0-8224-A4E483DB1B2B}.Debug|Any CPU.ActiveCfg = Debug|Any CPU
		{B04BAF70-FED2-47E0-8224-A4E483DB1B2B}.Debug|Any CPU.Build.0 = Debug|Any CPU
		{B04BAF70-FED2-47E0-8224-A4E483DB1B2B}.Debug|x64.ActiveCfg = Debug|Any CPU
		{B04BAF70-FED2-47E0-8224-A4E483DB1B2B}.Debug|x64.Build.0 = Debug|Any CPU
		{B04BAF70-FED2-47E0-8224-A4E483DB1B2B}.Debug|x86.ActiveCfg = Debug|Any CPU
		{B04BAF70-FED2-47E0-8224-A4E483DB1B2B}.Debug|x86.Build.0 = Debug|Any CPU
		{B04BAF70-FED2-47E0-8224-A4E483DB1B2B}.Release|Any CPU.ActiveCfg = Release|Any CPU
		{B04BAF70-FED2-47E0-8224-A4E483DB1B2B}.Release|Any CPU.Build.0 = Release|Any CPU
		{B04BAF70-FED2-47E0-8224-A4E483DB1B2B}.Release|x64.ActiveCfg = Release|Any CPU
		{B04BAF70-FED2-47E0-8224-A4E483DB1B2B}.Release|x64.Build.0 = Release|Any CPU
		{B04BAF70-FED2-47E0-8224-A4E483DB1B2B}.Release|x86.ActiveCfg = Release|Any CPU
		{B04BAF70-FED2-47E0-8224-A4E483DB1B2B}.Release|x86.Build.0 = Release|Any CPU
		{A91FFE65-3BDC-4875-A128-AB367E523EC1}.Debug|Any CPU.ActiveCfg = Debug|Any CPU
		{A91FFE65-3BDC-4875-A128-AB367E523EC1}.Debug|Any CPU.Build.0 = Debug|Any CPU
		{A91FFE65-3BDC-4875-A128-AB367E523EC1}.Debug|x64.ActiveCfg = Debug|Any CPU
		{A91FFE65-3BDC-4875-A128-AB367E523EC1}.Debug|x64.Build.0 = Debug|Any CPU
		{A91FFE65-3BDC-4875-A128-AB367E523EC1}.Debug|x86.ActiveCfg = Debug|Any CPU
		{A91FFE65-3BDC-4875-A128-AB367E523EC1}.Debug|x86.Build.0 = Debug|Any CPU
		{A91FFE65-3BDC-4875-A128-AB367E523EC1}.Release|Any CPU.ActiveCfg = Release|Any CPU
		{A91FFE65-3BDC-4875-A128-AB367E523EC1}.Release|Any CPU.Build.0 = Release|Any CPU
		{A91FFE65-3BDC-4875-A128-AB367E523EC1}.Release|x64.ActiveCfg = Release|Any CPU
		{A91FFE65-3BDC-4875-A128-AB367E523EC1}.Release|x64.Build.0 = Release|Any CPU
		{A91FFE65-3BDC-4875-A128-AB367E523EC1}.Release|x86.ActiveCfg = Release|Any CPU
		{A91FFE65-3BDC-4875-A128-AB367E523EC1}.Release|x86.Build.0 = Release|Any CPU
		{3A4CA82A-5B73-46A8-8EB2-2D15FDF8E712}.Debug|Any CPU.ActiveCfg = Debug|Any CPU
		{3A4CA82A-5B73-46A8-8EB2-2D15FDF8E712}.Debug|Any CPU.Build.0 = Debug|Any CPU
		{3A4CA82A-5B73-46A8-8EB2-2D15FDF8E712}.Debug|x64.ActiveCfg = Debug|Any CPU
		{3A4CA82A-5B73-46A8-8EB2-2D15FDF8E712}.Debug|x64.Build.0 = Debug|Any CPU
		{3A4CA82A-5B73-46A8-8EB2-2D15FDF8E712}.Debug|x86.ActiveCfg = Debug|Any CPU
		{3A4CA82A-5B73-46A8-8EB2-2D15FDF8E712}.Debug|x86.Build.0 = Debug|Any CPU
		{3A4CA82A-5B73-46A8-8EB2-2D15FDF8E712}.Release|Any CPU.ActiveCfg = Release|Any CPU
		{3A4CA82A-5B73-46A8-8EB2-2D15FDF8E712}.Release|Any CPU.Build.0 = Release|Any CPU
		{3A4CA82A-5B73-46A8-8EB2-2D15FDF8E712}.Release|x64.ActiveCfg = Release|Any CPU
		{3A4CA82A-5B73-46A8-8EB2-2D15FDF8E712}.Release|x64.Build.0 = Release|Any CPU
		{3A4CA82A-5B73-46A8-8EB2-2D15FDF8E712}.Release|x86.ActiveCfg = Release|Any CPU
		{3A4CA82A-5B73-46A8-8EB2-2D15FDF8E712}.Release|x86.Build.0 = Release|Any CPU
		{F8D49289-3411-4E26-A089-CD07357026F5}.Debug|Any CPU.ActiveCfg = Debug|Any CPU
		{F8D49289-3411-4E26-A089-CD07357026F5}.Debug|Any CPU.Build.0 = Debug|Any CPU
		{F8D49289-3411-4E26-A089-CD07357026F5}.Debug|x64.ActiveCfg = Debug|Any CPU
		{F8D49289-3411-4E26-A089-CD07357026F5}.Debug|x64.Build.0 = Debug|Any CPU
		{F8D49289-3411-4E26-A089-CD07357026F5}.Debug|x86.ActiveCfg = Debug|Any CPU
		{F8D49289-3411-4E26-A089-CD07357026F5}.Debug|x86.Build.0 = Debug|Any CPU
		{F8D49289-3411-4E26-A089-CD07357026F5}.Release|Any CPU.ActiveCfg = Release|Any CPU
		{F8D49289-3411-4E26-A089-CD07357026F5}.Release|Any CPU.Build.0 = Release|Any CPU
		{F8D49289-3411-4E26-A089-CD07357026F5}.Release|x64.ActiveCfg = Release|Any CPU
		{F8D49289-3411-4E26-A089-CD07357026F5}.Release|x64.Build.0 = Release|Any CPU
		{F8D49289-3411-4E26-A089-CD07357026F5}.Release|x86.ActiveCfg = Release|Any CPU
		{F8D49289-3411-4E26-A089-CD07357026F5}.Release|x86.Build.0 = Release|Any CPU
		{AB034F88-C978-48B1-BA9F-653639577857}.Debug|Any CPU.ActiveCfg = Debug|Any CPU
		{AB034F88-C978-48B1-BA9F-653639577857}.Debug|Any CPU.Build.0 = Debug|Any CPU
		{AB034F88-C978-48B1-BA9F-653639577857}.Debug|x64.ActiveCfg = Debug|Any CPU
		{AB034F88-C978-48B1-BA9F-653639577857}.Debug|x64.Build.0 = Debug|Any CPU
		{AB034F88-C978-48B1-BA9F-653639577857}.Debug|x86.ActiveCfg = Debug|Any CPU
		{AB034F88-C978-48B1-BA9F-653639577857}.Debug|x86.Build.0 = Debug|Any CPU
		{AB034F88-C978-48B1-BA9F-653639577857}.Release|Any CPU.ActiveCfg = Release|Any CPU
		{AB034F88-C978-48B1-BA9F-653639577857}.Release|Any CPU.Build.0 = Release|Any CPU
		{AB034F88-C978-48B1-BA9F-653639577857}.Release|x64.ActiveCfg = Release|Any CPU
		{AB034F88-C978-48B1-BA9F-653639577857}.Release|x64.Build.0 = Release|Any CPU
		{AB034F88-C978-48B1-BA9F-653639577857}.Release|x86.ActiveCfg = Release|Any CPU
		{AB034F88-C978-48B1-BA9F-653639577857}.Release|x86.Build.0 = Release|Any CPU
		{F0627E7D-4994-4EB1-8BF5-3EFD01D2B7E8}.Debug|Any CPU.ActiveCfg = Debug|Any CPU
		{F0627E7D-4994-4EB1-8BF5-3EFD01D2B7E8}.Debug|Any CPU.Build.0 = Debug|Any CPU
		{F0627E7D-4994-4EB1-8BF5-3EFD01D2B7E8}.Debug|x64.ActiveCfg = Debug|Any CPU
		{F0627E7D-4994-4EB1-8BF5-3EFD01D2B7E8}.Debug|x64.Build.0 = Debug|Any CPU
		{F0627E7D-4994-4EB1-8BF5-3EFD01D2B7E8}.Debug|x86.ActiveCfg = Debug|Any CPU
		{F0627E7D-4994-4EB1-8BF5-3EFD01D2B7E8}.Debug|x86.Build.0 = Debug|Any CPU
		{F0627E7D-4994-4EB1-8BF5-3EFD01D2B7E8}.Release|Any CPU.ActiveCfg = Release|Any CPU
		{F0627E7D-4994-4EB1-8BF5-3EFD01D2B7E8}.Release|Any CPU.Build.0 = Release|Any CPU
		{F0627E7D-4994-4EB1-8BF5-3EFD01D2B7E8}.Release|x64.ActiveCfg = Release|Any CPU
		{F0627E7D-4994-4EB1-8BF5-3EFD01D2B7E8}.Release|x64.Build.0 = Release|Any CPU
		{F0627E7D-4994-4EB1-8BF5-3EFD01D2B7E8}.Release|x86.ActiveCfg = Release|Any CPU
		{F0627E7D-4994-4EB1-8BF5-3EFD01D2B7E8}.Release|x86.Build.0 = Release|Any CPU
		{A713E9F2-CF8B-4087-AC92-502FA144B65D}.Debug|Any CPU.ActiveCfg = Debug|Any CPU
		{A713E9F2-CF8B-4087-AC92-502FA144B65D}.Debug|Any CPU.Build.0 = Debug|Any CPU
		{A713E9F2-CF8B-4087-AC92-502FA144B65D}.Debug|x64.ActiveCfg = Debug|Any CPU
		{A713E9F2-CF8B-4087-AC92-502FA144B65D}.Debug|x64.Build.0 = Debug|Any CPU
		{A713E9F2-CF8B-4087-AC92-502FA144B65D}.Debug|x86.ActiveCfg = Debug|Any CPU
		{A713E9F2-CF8B-4087-AC92-502FA144B65D}.Debug|x86.Build.0 = Debug|Any CPU
		{A713E9F2-CF8B-4087-AC92-502FA144B65D}.Release|Any CPU.ActiveCfg = Release|Any CPU
		{A713E9F2-CF8B-4087-AC92-502FA144B65D}.Release|Any CPU.Build.0 = Release|Any CPU
		{A713E9F2-CF8B-4087-AC92-502FA144B65D}.Release|x64.ActiveCfg = Release|Any CPU
		{A713E9F2-CF8B-4087-AC92-502FA144B65D}.Release|x64.Build.0 = Release|Any CPU
		{A713E9F2-CF8B-4087-AC92-502FA144B65D}.Release|x86.ActiveCfg = Release|Any CPU
		{A713E9F2-CF8B-4087-AC92-502FA144B65D}.Release|x86.Build.0 = Release|Any CPU
		{A196C1D2-8B01-4E1D-9FC2-1673BD83FE27}.Debug|Any CPU.ActiveCfg = Debug|Any CPU
		{A196C1D2-8B01-4E1D-9FC2-1673BD83FE27}.Debug|Any CPU.Build.0 = Debug|Any CPU
		{A196C1D2-8B01-4E1D-9FC2-1673BD83FE27}.Debug|x64.ActiveCfg = Debug|Any CPU
		{A196C1D2-8B01-4E1D-9FC2-1673BD83FE27}.Debug|x64.Build.0 = Debug|Any CPU
		{A196C1D2-8B01-4E1D-9FC2-1673BD83FE27}.Debug|x86.ActiveCfg = Debug|Any CPU
		{A196C1D2-8B01-4E1D-9FC2-1673BD83FE27}.Debug|x86.Build.0 = Debug|Any CPU
		{A196C1D2-8B01-4E1D-9FC2-1673BD83FE27}.Release|Any CPU.ActiveCfg = Release|Any CPU
		{A196C1D2-8B01-4E1D-9FC2-1673BD83FE27}.Release|Any CPU.Build.0 = Release|Any CPU
		{A196C1D2-8B01-4E1D-9FC2-1673BD83FE27}.Release|x64.ActiveCfg = Release|Any CPU
		{A196C1D2-8B01-4E1D-9FC2-1673BD83FE27}.Release|x64.Build.0 = Release|Any CPU
		{A196C1D2-8B01-4E1D-9FC2-1673BD83FE27}.Release|x86.ActiveCfg = Release|Any CPU
		{A196C1D2-8B01-4E1D-9FC2-1673BD83FE27}.Release|x86.Build.0 = Release|Any CPU
		{56305BE4-DAD2-457E-9BE9-801EE15EB1D3}.Debug|Any CPU.ActiveCfg = Debug|Any CPU
		{56305BE4-DAD2-457E-9BE9-801EE15EB1D3}.Debug|Any CPU.Build.0 = Debug|Any CPU
		{56305BE4-DAD2-457E-9BE9-801EE15EB1D3}.Debug|x64.ActiveCfg = Debug|Any CPU
		{56305BE4-DAD2-457E-9BE9-801EE15EB1D3}.Debug|x64.Build.0 = Debug|Any CPU
		{56305BE4-DAD2-457E-9BE9-801EE15EB1D3}.Debug|x86.ActiveCfg = Debug|Any CPU
		{56305BE4-DAD2-457E-9BE9-801EE15EB1D3}.Debug|x86.Build.0 = Debug|Any CPU
		{56305BE4-DAD2-457E-9BE9-801EE15EB1D3}.Release|Any CPU.ActiveCfg = Release|Any CPU
		{56305BE4-DAD2-457E-9BE9-801EE15EB1D3}.Release|Any CPU.Build.0 = Release|Any CPU
		{56305BE4-DAD2-457E-9BE9-801EE15EB1D3}.Release|x64.ActiveCfg = Release|Any CPU
		{56305BE4-DAD2-457E-9BE9-801EE15EB1D3}.Release|x64.Build.0 = Release|Any CPU
		{56305BE4-DAD2-457E-9BE9-801EE15EB1D3}.Release|x86.ActiveCfg = Release|Any CPU
		{56305BE4-DAD2-457E-9BE9-801EE15EB1D3}.Release|x86.Build.0 = Release|Any CPU
		{0D65C4EF-8F25-46C9-9053-2A954016BA55}.Debug|Any CPU.ActiveCfg = Debug|Any CPU
		{0D65C4EF-8F25-46C9-9053-2A954016BA55}.Debug|Any CPU.Build.0 = Debug|Any CPU
		{0D65C4EF-8F25-46C9-9053-2A954016BA55}.Debug|x64.ActiveCfg = Debug|Any CPU
		{0D65C4EF-8F25-46C9-9053-2A954016BA55}.Debug|x64.Build.0 = Debug|Any CPU
		{0D65C4EF-8F25-46C9-9053-2A954016BA55}.Debug|x86.ActiveCfg = Debug|Any CPU
		{0D65C4EF-8F25-46C9-9053-2A954016BA55}.Debug|x86.Build.0 = Debug|Any CPU
		{0D65C4EF-8F25-46C9-9053-2A954016BA55}.Release|Any CPU.ActiveCfg = Release|Any CPU
		{0D65C4EF-8F25-46C9-9053-2A954016BA55}.Release|Any CPU.Build.0 = Release|Any CPU
		{0D65C4EF-8F25-46C9-9053-2A954016BA55}.Release|x64.ActiveCfg = Release|Any CPU
		{0D65C4EF-8F25-46C9-9053-2A954016BA55}.Release|x64.Build.0 = Release|Any CPU
		{0D65C4EF-8F25-46C9-9053-2A954016BA55}.Release|x86.ActiveCfg = Release|Any CPU
		{0D65C4EF-8F25-46C9-9053-2A954016BA55}.Release|x86.Build.0 = Release|Any CPU
		{22C8C745-5CB2-4A5D-91D0-8352F99EA096}.Debug|Any CPU.ActiveCfg = Debug|Any CPU
		{22C8C745-5CB2-4A5D-91D0-8352F99EA096}.Debug|Any CPU.Build.0 = Debug|Any CPU
		{22C8C745-5CB2-4A5D-91D0-8352F99EA096}.Debug|x64.ActiveCfg = Debug|Any CPU
		{22C8C745-5CB2-4A5D-91D0-8352F99EA096}.Debug|x64.Build.0 = Debug|Any CPU
		{22C8C745-5CB2-4A5D-91D0-8352F99EA096}.Debug|x86.ActiveCfg = Debug|Any CPU
		{22C8C745-5CB2-4A5D-91D0-8352F99EA096}.Debug|x86.Build.0 = Debug|Any CPU
		{22C8C745-5CB2-4A5D-91D0-8352F99EA096}.Release|Any CPU.ActiveCfg = Release|Any CPU
		{22C8C745-5CB2-4A5D-91D0-8352F99EA096}.Release|Any CPU.Build.0 = Release|Any CPU
		{22C8C745-5CB2-4A5D-91D0-8352F99EA096}.Release|x64.ActiveCfg = Release|Any CPU
		{22C8C745-5CB2-4A5D-91D0-8352F99EA096}.Release|x64.Build.0 = Release|Any CPU
		{22C8C745-5CB2-4A5D-91D0-8352F99EA096}.Release|x86.ActiveCfg = Release|Any CPU
		{22C8C745-5CB2-4A5D-91D0-8352F99EA096}.Release|x86.Build.0 = Release|Any CPU
		{6BD14F6F-81E8-4AD1-8CEB-1C442FE246F2}.Debug|Any CPU.ActiveCfg = Debug|Any CPU
		{6BD14F6F-81E8-4AD1-8CEB-1C442FE246F2}.Debug|Any CPU.Build.0 = Debug|Any CPU
		{6BD14F6F-81E8-4AD1-8CEB-1C442FE246F2}.Debug|x64.ActiveCfg = Debug|Any CPU
		{6BD14F6F-81E8-4AD1-8CEB-1C442FE246F2}.Debug|x64.Build.0 = Debug|Any CPU
		{6BD14F6F-81E8-4AD1-8CEB-1C442FE246F2}.Debug|x86.ActiveCfg = Debug|Any CPU
		{6BD14F6F-81E8-4AD1-8CEB-1C442FE246F2}.Debug|x86.Build.0 = Debug|Any CPU
		{6BD14F6F-81E8-4AD1-8CEB-1C442FE246F2}.Release|Any CPU.ActiveCfg = Release|Any CPU
		{6BD14F6F-81E8-4AD1-8CEB-1C442FE246F2}.Release|Any CPU.Build.0 = Release|Any CPU
		{6BD14F6F-81E8-4AD1-8CEB-1C442FE246F2}.Release|x64.ActiveCfg = Release|Any CPU
		{6BD14F6F-81E8-4AD1-8CEB-1C442FE246F2}.Release|x64.Build.0 = Release|Any CPU
		{6BD14F6F-81E8-4AD1-8CEB-1C442FE246F2}.Release|x86.ActiveCfg = Release|Any CPU
		{6BD14F6F-81E8-4AD1-8CEB-1C442FE246F2}.Release|x86.Build.0 = Release|Any CPU
		{373F7F64-422F-48DE-8C60-C6E4C6D4EA33}.Debug|Any CPU.ActiveCfg = Debug|Any CPU
		{373F7F64-422F-48DE-8C60-C6E4C6D4EA33}.Debug|Any CPU.Build.0 = Debug|Any CPU
		{373F7F64-422F-48DE-8C60-C6E4C6D4EA33}.Debug|x64.ActiveCfg = Debug|Any CPU
		{373F7F64-422F-48DE-8C60-C6E4C6D4EA33}.Debug|x64.Build.0 = Debug|Any CPU
		{373F7F64-422F-48DE-8C60-C6E4C6D4EA33}.Debug|x86.ActiveCfg = Debug|Any CPU
		{373F7F64-422F-48DE-8C60-C6E4C6D4EA33}.Debug|x86.Build.0 = Debug|Any CPU
		{373F7F64-422F-48DE-8C60-C6E4C6D4EA33}.Release|Any CPU.ActiveCfg = Release|Any CPU
		{373F7F64-422F-48DE-8C60-C6E4C6D4EA33}.Release|Any CPU.Build.0 = Release|Any CPU
		{373F7F64-422F-48DE-8C60-C6E4C6D4EA33}.Release|x64.ActiveCfg = Release|Any CPU
		{373F7F64-422F-48DE-8C60-C6E4C6D4EA33}.Release|x64.Build.0 = Release|Any CPU
		{373F7F64-422F-48DE-8C60-C6E4C6D4EA33}.Release|x86.ActiveCfg = Release|Any CPU
		{373F7F64-422F-48DE-8C60-C6E4C6D4EA33}.Release|x86.Build.0 = Release|Any CPU
		{3059513E-D643-40AE-A0A2-669D7AC0ECB4}.Debug|Any CPU.ActiveCfg = Debug|Any CPU
		{3059513E-D643-40AE-A0A2-669D7AC0ECB4}.Debug|Any CPU.Build.0 = Debug|Any CPU
		{3059513E-D643-40AE-A0A2-669D7AC0ECB4}.Debug|x64.ActiveCfg = Debug|Any CPU
		{3059513E-D643-40AE-A0A2-669D7AC0ECB4}.Debug|x64.Build.0 = Debug|Any CPU
		{3059513E-D643-40AE-A0A2-669D7AC0ECB4}.Debug|x86.ActiveCfg = Debug|Any CPU
		{3059513E-D643-40AE-A0A2-669D7AC0ECB4}.Debug|x86.Build.0 = Debug|Any CPU
		{3059513E-D643-40AE-A0A2-669D7AC0ECB4}.Release|Any CPU.ActiveCfg = Release|Any CPU
		{3059513E-D643-40AE-A0A2-669D7AC0ECB4}.Release|Any CPU.Build.0 = Release|Any CPU
		{3059513E-D643-40AE-A0A2-669D7AC0ECB4}.Release|x64.ActiveCfg = Release|Any CPU
		{3059513E-D643-40AE-A0A2-669D7AC0ECB4}.Release|x64.Build.0 = Release|Any CPU
		{3059513E-D643-40AE-A0A2-669D7AC0ECB4}.Release|x86.ActiveCfg = Release|Any CPU
		{3059513E-D643-40AE-A0A2-669D7AC0ECB4}.Release|x86.Build.0 = Release|Any CPU
		{8EB15058-4770-4982-A123-4089851F9767}.Debug|Any CPU.ActiveCfg = Debug|Any CPU
		{8EB15058-4770-4982-A123-4089851F9767}.Debug|Any CPU.Build.0 = Debug|Any CPU
		{8EB15058-4770-4982-A123-4089851F9767}.Debug|x64.ActiveCfg = Debug|Any CPU
		{8EB15058-4770-4982-A123-4089851F9767}.Debug|x64.Build.0 = Debug|Any CPU
		{8EB15058-4770-4982-A123-4089851F9767}.Debug|x86.ActiveCfg = Debug|Any CPU
		{8EB15058-4770-4982-A123-4089851F9767}.Debug|x86.Build.0 = Debug|Any CPU
		{8EB15058-4770-4982-A123-4089851F9767}.Release|Any CPU.ActiveCfg = Release|Any CPU
		{8EB15058-4770-4982-A123-4089851F9767}.Release|Any CPU.Build.0 = Release|Any CPU
		{8EB15058-4770-4982-A123-4089851F9767}.Release|x64.ActiveCfg = Release|Any CPU
		{8EB15058-4770-4982-A123-4089851F9767}.Release|x64.Build.0 = Release|Any CPU
		{8EB15058-4770-4982-A123-4089851F9767}.Release|x86.ActiveCfg = Release|Any CPU
		{8EB15058-4770-4982-A123-4089851F9767}.Release|x86.Build.0 = Release|Any CPU
		{6A2DA400-699C-4EA3-8284-946E65298EC7}.Debug|Any CPU.ActiveCfg = Debug|Any CPU
		{6A2DA400-699C-4EA3-8284-946E65298EC7}.Debug|Any CPU.Build.0 = Debug|Any CPU
		{6A2DA400-699C-4EA3-8284-946E65298EC7}.Debug|x64.ActiveCfg = Debug|Any CPU
		{6A2DA400-699C-4EA3-8284-946E65298EC7}.Debug|x64.Build.0 = Debug|Any CPU
		{6A2DA400-699C-4EA3-8284-946E65298EC7}.Debug|x86.ActiveCfg = Debug|Any CPU
		{6A2DA400-699C-4EA3-8284-946E65298EC7}.Debug|x86.Build.0 = Debug|Any CPU
		{6A2DA400-699C-4EA3-8284-946E65298EC7}.Release|Any CPU.ActiveCfg = Release|Any CPU
		{6A2DA400-699C-4EA3-8284-946E65298EC7}.Release|Any CPU.Build.0 = Release|Any CPU
		{6A2DA400-699C-4EA3-8284-946E65298EC7}.Release|x64.ActiveCfg = Release|Any CPU
		{6A2DA400-699C-4EA3-8284-946E65298EC7}.Release|x64.Build.0 = Release|Any CPU
		{6A2DA400-699C-4EA3-8284-946E65298EC7}.Release|x86.ActiveCfg = Release|Any CPU
		{6A2DA400-699C-4EA3-8284-946E65298EC7}.Release|x86.Build.0 = Release|Any CPU
		{17D2AC79-1188-4515-8825-9A09517EA4CC}.Debug|Any CPU.ActiveCfg = Debug|Any CPU
		{17D2AC79-1188-4515-8825-9A09517EA4CC}.Debug|Any CPU.Build.0 = Debug|Any CPU
		{17D2AC79-1188-4515-8825-9A09517EA4CC}.Debug|x64.ActiveCfg = Debug|Any CPU
		{17D2AC79-1188-4515-8825-9A09517EA4CC}.Debug|x64.Build.0 = Debug|Any CPU
		{17D2AC79-1188-4515-8825-9A09517EA4CC}.Debug|x86.ActiveCfg = Debug|Any CPU
		{17D2AC79-1188-4515-8825-9A09517EA4CC}.Debug|x86.Build.0 = Debug|Any CPU
		{17D2AC79-1188-4515-8825-9A09517EA4CC}.Release|Any CPU.ActiveCfg = Release|Any CPU
		{17D2AC79-1188-4515-8825-9A09517EA4CC}.Release|Any CPU.Build.0 = Release|Any CPU
		{17D2AC79-1188-4515-8825-9A09517EA4CC}.Release|x64.ActiveCfg = Release|Any CPU
		{17D2AC79-1188-4515-8825-9A09517EA4CC}.Release|x64.Build.0 = Release|Any CPU
		{17D2AC79-1188-4515-8825-9A09517EA4CC}.Release|x86.ActiveCfg = Release|Any CPU
		{17D2AC79-1188-4515-8825-9A09517EA4CC}.Release|x86.Build.0 = Release|Any CPU
		{946F5B97-4A31-4C1F-90FD-E7723DB7F37C}.Debug|Any CPU.ActiveCfg = Debug|Any CPU
		{946F5B97-4A31-4C1F-90FD-E7723DB7F37C}.Debug|Any CPU.Build.0 = Debug|Any CPU
		{946F5B97-4A31-4C1F-90FD-E7723DB7F37C}.Debug|x64.ActiveCfg = Debug|Any CPU
		{946F5B97-4A31-4C1F-90FD-E7723DB7F37C}.Debug|x64.Build.0 = Debug|Any CPU
		{946F5B97-4A31-4C1F-90FD-E7723DB7F37C}.Debug|x86.ActiveCfg = Debug|Any CPU
		{946F5B97-4A31-4C1F-90FD-E7723DB7F37C}.Debug|x86.Build.0 = Debug|Any CPU
		{946F5B97-4A31-4C1F-90FD-E7723DB7F37C}.Release|Any CPU.ActiveCfg = Release|Any CPU
		{946F5B97-4A31-4C1F-90FD-E7723DB7F37C}.Release|Any CPU.Build.0 = Release|Any CPU
		{946F5B97-4A31-4C1F-90FD-E7723DB7F37C}.Release|x64.ActiveCfg = Release|Any CPU
		{946F5B97-4A31-4C1F-90FD-E7723DB7F37C}.Release|x64.Build.0 = Release|Any CPU
		{946F5B97-4A31-4C1F-90FD-E7723DB7F37C}.Release|x86.ActiveCfg = Release|Any CPU
		{946F5B97-4A31-4C1F-90FD-E7723DB7F37C}.Release|x86.Build.0 = Release|Any CPU
		{2153DD3E-F40B-47B5-A88D-E6CFFFC28A74}.Debug|Any CPU.ActiveCfg = Debug|Any CPU
		{2153DD3E-F40B-47B5-A88D-E6CFFFC28A74}.Debug|Any CPU.Build.0 = Debug|Any CPU
		{2153DD3E-F40B-47B5-A88D-E6CFFFC28A74}.Debug|x64.ActiveCfg = Debug|Any CPU
		{2153DD3E-F40B-47B5-A88D-E6CFFFC28A74}.Debug|x64.Build.0 = Debug|Any CPU
		{2153DD3E-F40B-47B5-A88D-E6CFFFC28A74}.Debug|x86.ActiveCfg = Debug|Any CPU
		{2153DD3E-F40B-47B5-A88D-E6CFFFC28A74}.Debug|x86.Build.0 = Debug|Any CPU
		{2153DD3E-F40B-47B5-A88D-E6CFFFC28A74}.Release|Any CPU.ActiveCfg = Release|Any CPU
		{2153DD3E-F40B-47B5-A88D-E6CFFFC28A74}.Release|Any CPU.Build.0 = Release|Any CPU
		{2153DD3E-F40B-47B5-A88D-E6CFFFC28A74}.Release|x64.ActiveCfg = Release|Any CPU
		{2153DD3E-F40B-47B5-A88D-E6CFFFC28A74}.Release|x64.Build.0 = Release|Any CPU
		{2153DD3E-F40B-47B5-A88D-E6CFFFC28A74}.Release|x86.ActiveCfg = Release|Any CPU
		{2153DD3E-F40B-47B5-A88D-E6CFFFC28A74}.Release|x86.Build.0 = Release|Any CPU
		{3B24BE2A-23D1-4016-AAEB-8EB767D2F840}.Debug|Any CPU.ActiveCfg = Debug|Any CPU
		{3B24BE2A-23D1-4016-AAEB-8EB767D2F840}.Debug|Any CPU.Build.0 = Debug|Any CPU
		{3B24BE2A-23D1-4016-AAEB-8EB767D2F840}.Debug|x64.ActiveCfg = Debug|Any CPU
		{3B24BE2A-23D1-4016-AAEB-8EB767D2F840}.Debug|x64.Build.0 = Debug|Any CPU
		{3B24BE2A-23D1-4016-AAEB-8EB767D2F840}.Debug|x86.ActiveCfg = Debug|Any CPU
		{3B24BE2A-23D1-4016-AAEB-8EB767D2F840}.Debug|x86.Build.0 = Debug|Any CPU
		{3B24BE2A-23D1-4016-AAEB-8EB767D2F840}.Release|Any CPU.ActiveCfg = Release|Any CPU
		{3B24BE2A-23D1-4016-AAEB-8EB767D2F840}.Release|Any CPU.Build.0 = Release|Any CPU
		{3B24BE2A-23D1-4016-AAEB-8EB767D2F840}.Release|x64.ActiveCfg = Release|Any CPU
		{3B24BE2A-23D1-4016-AAEB-8EB767D2F840}.Release|x64.Build.0 = Release|Any CPU
		{3B24BE2A-23D1-4016-AAEB-8EB767D2F840}.Release|x86.ActiveCfg = Release|Any CPU
		{3B24BE2A-23D1-4016-AAEB-8EB767D2F840}.Release|x86.Build.0 = Release|Any CPU
		{9AB26F4B-8E1C-4F4C-971D-4F017B6422A5}.Debug|Any CPU.ActiveCfg = Debug|Any CPU
		{9AB26F4B-8E1C-4F4C-971D-4F017B6422A5}.Debug|Any CPU.Build.0 = Debug|Any CPU
		{9AB26F4B-8E1C-4F4C-971D-4F017B6422A5}.Debug|x64.ActiveCfg = Debug|Any CPU
		{9AB26F4B-8E1C-4F4C-971D-4F017B6422A5}.Debug|x64.Build.0 = Debug|Any CPU
		{9AB26F4B-8E1C-4F4C-971D-4F017B6422A5}.Debug|x86.ActiveCfg = Debug|Any CPU
		{9AB26F4B-8E1C-4F4C-971D-4F017B6422A5}.Debug|x86.Build.0 = Debug|Any CPU
		{9AB26F4B-8E1C-4F4C-971D-4F017B6422A5}.Release|Any CPU.ActiveCfg = Release|Any CPU
		{9AB26F4B-8E1C-4F4C-971D-4F017B6422A5}.Release|Any CPU.Build.0 = Release|Any CPU
		{9AB26F4B-8E1C-4F4C-971D-4F017B6422A5}.Release|x64.ActiveCfg = Release|Any CPU
		{9AB26F4B-8E1C-4F4C-971D-4F017B6422A5}.Release|x64.Build.0 = Release|Any CPU
		{9AB26F4B-8E1C-4F4C-971D-4F017B6422A5}.Release|x86.ActiveCfg = Release|Any CPU
		{9AB26F4B-8E1C-4F4C-971D-4F017B6422A5}.Release|x86.Build.0 = Release|Any CPU
		{716A4516-8424-4EF1-BFEB-9FF5795750B6}.Debug|Any CPU.ActiveCfg = Debug|Any CPU
		{716A4516-8424-4EF1-BFEB-9FF5795750B6}.Debug|Any CPU.Build.0 = Debug|Any CPU
		{716A4516-8424-4EF1-BFEB-9FF5795750B6}.Debug|x64.ActiveCfg = Debug|Any CPU
		{716A4516-8424-4EF1-BFEB-9FF5795750B6}.Debug|x64.Build.0 = Debug|Any CPU
		{716A4516-8424-4EF1-BFEB-9FF5795750B6}.Debug|x86.ActiveCfg = Debug|Any CPU
		{716A4516-8424-4EF1-BFEB-9FF5795750B6}.Debug|x86.Build.0 = Debug|Any CPU
		{716A4516-8424-4EF1-BFEB-9FF5795750B6}.Release|Any CPU.ActiveCfg = Release|Any CPU
		{716A4516-8424-4EF1-BFEB-9FF5795750B6}.Release|Any CPU.Build.0 = Release|Any CPU
		{716A4516-8424-4EF1-BFEB-9FF5795750B6}.Release|x64.ActiveCfg = Release|Any CPU
		{716A4516-8424-4EF1-BFEB-9FF5795750B6}.Release|x64.Build.0 = Release|Any CPU
		{716A4516-8424-4EF1-BFEB-9FF5795750B6}.Release|x86.ActiveCfg = Release|Any CPU
		{716A4516-8424-4EF1-BFEB-9FF5795750B6}.Release|x86.Build.0 = Release|Any CPU
		{5BB20B94-8874-4012-B75C-8117DF4758D4}.Debug|Any CPU.ActiveCfg = Debug|Any CPU
		{5BB20B94-8874-4012-B75C-8117DF4758D4}.Debug|Any CPU.Build.0 = Debug|Any CPU
		{5BB20B94-8874-4012-B75C-8117DF4758D4}.Debug|x64.ActiveCfg = Debug|Any CPU
		{5BB20B94-8874-4012-B75C-8117DF4758D4}.Debug|x64.Build.0 = Debug|Any CPU
		{5BB20B94-8874-4012-B75C-8117DF4758D4}.Debug|x86.ActiveCfg = Debug|Any CPU
		{5BB20B94-8874-4012-B75C-8117DF4758D4}.Debug|x86.Build.0 = Debug|Any CPU
		{5BB20B94-8874-4012-B75C-8117DF4758D4}.Release|Any CPU.ActiveCfg = Release|Any CPU
		{5BB20B94-8874-4012-B75C-8117DF4758D4}.Release|Any CPU.Build.0 = Release|Any CPU
		{5BB20B94-8874-4012-B75C-8117DF4758D4}.Release|x64.ActiveCfg = Release|Any CPU
		{5BB20B94-8874-4012-B75C-8117DF4758D4}.Release|x64.Build.0 = Release|Any CPU
		{5BB20B94-8874-4012-B75C-8117DF4758D4}.Release|x86.ActiveCfg = Release|Any CPU
		{5BB20B94-8874-4012-B75C-8117DF4758D4}.Release|x86.Build.0 = Release|Any CPU
		{1356BF47-FCF8-4E84-892B-396E1FF5E9DA}.Debug|Any CPU.ActiveCfg = Debug|Any CPU
		{1356BF47-FCF8-4E84-892B-396E1FF5E9DA}.Debug|Any CPU.Build.0 = Debug|Any CPU
		{1356BF47-FCF8-4E84-892B-396E1FF5E9DA}.Debug|x64.ActiveCfg = Debug|Any CPU
		{1356BF47-FCF8-4E84-892B-396E1FF5E9DA}.Debug|x64.Build.0 = Debug|Any CPU
		{1356BF47-FCF8-4E84-892B-396E1FF5E9DA}.Debug|x86.ActiveCfg = Debug|Any CPU
		{1356BF47-FCF8-4E84-892B-396E1FF5E9DA}.Debug|x86.Build.0 = Debug|Any CPU
		{1356BF47-FCF8-4E84-892B-396E1FF5E9DA}.Release|Any CPU.ActiveCfg = Release|Any CPU
		{1356BF47-FCF8-4E84-892B-396E1FF5E9DA}.Release|Any CPU.Build.0 = Release|Any CPU
		{1356BF47-FCF8-4E84-892B-396E1FF5E9DA}.Release|x64.ActiveCfg = Release|Any CPU
		{1356BF47-FCF8-4E84-892B-396E1FF5E9DA}.Release|x64.Build.0 = Release|Any CPU
		{1356BF47-FCF8-4E84-892B-396E1FF5E9DA}.Release|x86.ActiveCfg = Release|Any CPU
		{1356BF47-FCF8-4E84-892B-396E1FF5E9DA}.Release|x86.Build.0 = Release|Any CPU
		{77897569-119E-4C27-BF15-681945857C33}.Debug|Any CPU.ActiveCfg = Debug|Any CPU
		{77897569-119E-4C27-BF15-681945857C33}.Debug|Any CPU.Build.0 = Debug|Any CPU
		{77897569-119E-4C27-BF15-681945857C33}.Debug|x64.ActiveCfg = Debug|Any CPU
		{77897569-119E-4C27-BF15-681945857C33}.Debug|x64.Build.0 = Debug|Any CPU
		{77897569-119E-4C27-BF15-681945857C33}.Debug|x86.ActiveCfg = Debug|Any CPU
		{77897569-119E-4C27-BF15-681945857C33}.Debug|x86.Build.0 = Debug|Any CPU
		{77897569-119E-4C27-BF15-681945857C33}.Release|Any CPU.ActiveCfg = Release|Any CPU
		{77897569-119E-4C27-BF15-681945857C33}.Release|Any CPU.Build.0 = Release|Any CPU
		{77897569-119E-4C27-BF15-681945857C33}.Release|x64.ActiveCfg = Release|Any CPU
		{77897569-119E-4C27-BF15-681945857C33}.Release|x64.Build.0 = Release|Any CPU
		{77897569-119E-4C27-BF15-681945857C33}.Release|x86.ActiveCfg = Release|Any CPU
		{77897569-119E-4C27-BF15-681945857C33}.Release|x86.Build.0 = Release|Any CPU
		{DAF40375-4E40-41CE-B32D-97932768BD9C}.Debug|Any CPU.ActiveCfg = Debug|Any CPU
		{DAF40375-4E40-41CE-B32D-97932768BD9C}.Debug|Any CPU.Build.0 = Debug|Any CPU
		{DAF40375-4E40-41CE-B32D-97932768BD9C}.Debug|x64.ActiveCfg = Debug|Any CPU
		{DAF40375-4E40-41CE-B32D-97932768BD9C}.Debug|x64.Build.0 = Debug|Any CPU
		{DAF40375-4E40-41CE-B32D-97932768BD9C}.Debug|x86.ActiveCfg = Debug|Any CPU
		{DAF40375-4E40-41CE-B32D-97932768BD9C}.Debug|x86.Build.0 = Debug|Any CPU
		{DAF40375-4E40-41CE-B32D-97932768BD9C}.Release|Any CPU.ActiveCfg = Release|Any CPU
		{DAF40375-4E40-41CE-B32D-97932768BD9C}.Release|Any CPU.Build.0 = Release|Any CPU
		{DAF40375-4E40-41CE-B32D-97932768BD9C}.Release|x64.ActiveCfg = Release|Any CPU
		{DAF40375-4E40-41CE-B32D-97932768BD9C}.Release|x64.Build.0 = Release|Any CPU
		{DAF40375-4E40-41CE-B32D-97932768BD9C}.Release|x86.ActiveCfg = Release|Any CPU
		{DAF40375-4E40-41CE-B32D-97932768BD9C}.Release|x86.Build.0 = Release|Any CPU
	EndGlobalSection
	GlobalSection(SolutionProperties) = preSolution
		HideSolutionNode = FALSE
	EndGlobalSection
	GlobalSection(ExtensibilityGlobals) = postSolution
		SolutionGuid = {D21ECA3C-B25C-4AEC-AC01-639F063A6054}
		VisualSVNWorkingCopyRoot = .
	EndGlobalSection
	GlobalSection(TeamFoundationVersionControl) = preSolution
		SccNumberOfProjects = 55
		SccEnterpriseProvider = {4CA58AB2-18FA-4F8D-95D4-32DDF27D184C}
		SccTeamFoundationServer = http://10.3.0.4:8080/tfs/apc_mes_team
		SccLocalPath0 = .
		SccProjectUniqueName1 = ImportInnerBox\\ImportInnerBox.csproj
		SccProjectName1 = ImportInnerBox
		SccLocalPath1 = ImportInnerBox
		SccProjectUniqueName2 = InvestmentReturnOrder\\InvestmentReturnOrder.csproj
		SccProjectName2 = InvestmentReturnOrder
		SccLocalPath2 = InvestmentReturnOrder
		SccProjectUniqueName3 = KBN_SFC_DayLine_TrackOut_List\\KBN_SFC_DayLine_TrackOut_List.csproj
		SccProjectName3 = KBN_SFC_DayLine_TrackOut_List
		SccLocalPath3 = KBN_SFC_DayLine_TrackOut_List
		SccProjectUniqueName4 = ProcessAllocation\\ProcessAllocation.csproj
		SccProjectName4 = ProcessAllocation
		SccLocalPath4 = ProcessAllocation
		SccProjectUniqueName5 = ProcessAllocationService\\ProcessAllocationService.csproj
		SccProjectName5 = ProcessAllocationService
		SccLocalPath5 = ProcessAllocationService
		SccProjectUniqueName6 = Production_Kanban\\Production_Kanban.csproj
		SccProjectName6 = Production_Kanban
		SccLocalPath6 = Production_Kanban
		SccProjectUniqueName7 = ProductionEfficiencyForm\\ProductionEfficiencyForm.csproj
		SccProjectName7 = ProductionEfficiencyForm
		SccLocalPath7 = ProductionEfficiencyForm
		SccProjectUniqueName8 = ProductionInputOrderQueryForm\\ProductionInputOrderQuery.csproj
		SccProjectName8 = ProductionInputOrderQueryForm
		SccLocalPath8 = ProductionInputOrderQueryForm
		SccProjectUniqueName9 = ProductionOutputOrderQueryForm\\ProductionOutputOrderQuery.csproj
		SccProjectName9 = ProductionOutputOrderQueryForm
		SccLocalPath9 = ProductionOutputOrderQueryForm
		SccProjectUniqueName10 = ProductionWorkingHours\\ProductionWorkingHours.csproj
		SccProjectName10 = ProductionWorkingHours
		SccLocalPath10 = ProductionWorkingHours
		SccProjectUniqueName11 = SJeMES_Framework\\SJeMES_Framework.csproj
		SccProjectName11 = SJeMES_Framework
		SccLocalPath11 = SJeMES_Framework
		SccProjectUniqueName12 = WindowsServiceClient\\WindowsServiceClient.csproj
		SccProjectName12 = WindowsServiceClient
		SccLocalPath12 = WindowsServiceClient
		SccProjectUniqueName13 = WorkingHoursQuery\\WorkingHoursQuery.csproj
		SccProjectName13 = WorkingHoursQuery
		SccLocalPath13 = WorkingHoursQuery
		SccProjectUniqueName14 = WorkingHoursRecord\\WorkingHoursRecord.csproj
		SccProjectName14 = WorkingHoursRecord
		SccLocalPath14 = WorkingHoursRecord
		SccProjectUniqueName15 = WorkingHoursService\\WorkingHoursService.csproj
		SccProjectName15 = WorkingHoursService
		SccLocalPath15 = WorkingHoursService
		SccProjectUniqueName16 = WorkingHoursStandard\\WorkingHoursStandard.csproj
		SccProjectName16 = WorkingHoursStandard
		SccLocalPath16 = WorkingHoursStandard
		SccProjectUniqueName17 = WorkingHoursStandard_VReport\\WorkingHoursStandard_VReport.csproj
		SccProjectName17 = WorkingHoursStandard_VReport
		SccLocalPath17 = WorkingHoursStandard_VReport
		SccProjectUniqueName18 = WorkingIEAchievementInput\\WorkingIEAchievementInput.csproj
		SccProjectName18 = WorkingIEAchievementInput
		SccLocalPath18 = WorkingIEAchievementInput
		SccProjectUniqueName19 = MonthlyManPowerUpload\\MonthlyManPowerUpload.csproj
		SccProjectName19 = MonthlyManPowerUpload
		SccLocalPath19 = MonthlyManPowerUpload
		SccProjectUniqueName20 = MonthlyModelUpload\\MonthlyModelUpload.csproj
		SccProjectName20 = MonthlyModelUpload
		SccLocalPath20 = MonthlyModelUpload
		SccProjectUniqueName21 = MonthlyExcessManPowerUpload\\MonthlyExcessManPowerUpload.csproj
		SccProjectName21 = MonthlyExcessManPowerUpload
		SccLocalPath21 = MonthlyExcessManPowerUpload
		SccProjectUniqueName22 = TeamBonus\\TeamBonus.csproj
		SccProjectName22 = TeamBonus
		SccLocalPath22 = TeamBonus
		SccProjectUniqueName23 = SkillBonusUpload\\SkillBonusUpload.csproj
		SccProjectName23 = SkillBonusUpload
		SccLocalPath23 = SkillBonusUpload
		SccProjectUniqueName24 = ProdBonusUpload\\ProdBonusUpload.csproj
		SccProjectName24 = ProdBonusUpload
		SccLocalPath24 = ProdBonusUpload
		SccProjectUniqueName25 = SizeLabelEntry\\SizeLabelEntry.csproj
		SccProjectName25 = SizeLabelEntry
		SccLocalPath25 = SizeLabelEntry
		SccProjectUniqueName26 = PO_Finish_Upload\\PO_Finish_Upload.csproj
		SccProjectName26 = PO_Finish_Upload
		SccLocalPath26 = PO_Finish_Upload
		SccProjectUniqueName27 = Data_Lock\\Data_Lock.csproj
		SccProjectName27 = Data_Lock
		SccLocalPath27 = Data_Lock
		SccProjectUniqueName28 = Repairs_Entry\\REPAIRS_DATA.csproj
		SccProjectName28 = Repairs_Entry
		SccLocalPath28 = Repairs_Entry
		SccProjectUniqueName29 = Replacement_Data\\Replacement_Data\\Replacement_Data.csproj
		SccProjectName29 = Replacement_Data/Replacement_Data
		SccLocalPath29 = Replacement_Data\\Replacement_Data
		SccProjectUniqueName30 = KaizenExcelUpload\\KaizenExcelUpload.csproj
		SccProjectName30 = KaizenExcelUpload
		SccLocalPath30 = KaizenExcelUpload
		SccProjectUniqueName31 = KPI_FINAL_SCORE\\KPI_FINAL_SCORE\\KPI_FINAL_SCORE.csproj
		SccProjectName31 = KPI_FINAL_SCORE/KPI_FINAL_SCORE
		SccLocalPath31 = KPI_FINAL_SCORE\\KPI_FINAL_SCORE
		SccProjectUniqueName32 = Upload_TPPH\\Upload_TPPH.csproj
		SccProjectName32 = Upload_TPPH
		SccLocalPath32 = Upload_TPPH
		SccProjectUniqueName33 = Final_IE\\Final_IE.csproj
		SccProjectName33 = Final_IE
		SccLocalPath33 = Final_IE
		SccProjectUniqueName34 = CuttingAllocation\\CuttingAllocation.csproj
		SccProjectName34 = CuttingAllocation
		SccLocalPath34 = CuttingAllocation
		SccProjectUniqueName35 = ThirdEfficiency_Kanban\\ThirdEfficiency_Kanban.csproj
		SccProjectName35 = ThirdEfficiency_Kanban
		SccLocalPath35 = ThirdEfficiency_Kanban
		SccProjectUniqueName36 = StitchingOutput2\\StitchingOutput2.csproj
		SccProjectName36 = StitchingOutput2
		SccLocalPath36 = StitchingOutput2
		SccProjectUniqueName37 = StitchingInput2\\StitchingInput2.csproj
		SccProjectName37 = StitchingInput2
		SccLocalPath37 = StitchingInput2
		SccProjectUniqueName38 = IE_Efficiency_Eval\\IE_Efficiency_Eval.csproj
		SccProjectName38 = IE_Efficiency_Eval
		SccLocalPath38 = IE_Efficiency_Eval
		SccProjectUniqueName39 = Quality_Bonus\\Quality_Bonus.csproj
		SccProjectName39 = Quality_Bonus
		SccLocalPath39 = Quality_Bonus
		SccProjectUniqueName40 = QualityBonusupload\\LIne_Plan_Upload.csproj
		SccProjectName40 = QualityBonusupload
		SccLocalPath40 = QualityBonusupload
		SccProjectUniqueName41 = IE_Bonus_Calculation\\IE_Bonus_Calculation.csproj
		SccProjectName41 = IE_Bonus_Calculation
		SccLocalPath41 = IE_Bonus_Calculation
		SccProjectUniqueName42 = RR_Output_Entry\\RR_Quality_Bonus.csproj
		SccProjectName42 = RR_Output_Entry
		SccLocalPath42 = RR_Output_Entry
		SccProjectUniqueName43 = Employee_Swapping\\Employee_Swapping.csproj
		SccProjectName43 = Employee_Swapping
		SccLocalPath43 = Employee_Swapping
		SccProjectUniqueName44 = StitchingInput_Domestic\\StitchingInput_Domestic.csproj
		SccProjectName44 = StitchingInput_Domestic
		SccLocalPath44 = StitchingInput_Domestic
		SccProjectUniqueName45 = F_SFC_TrackOut_AssemblyOrder\\F_SFC_TrackOut_AssemblyOrder.csproj
		SccProjectName45 = F_SFC_TrackOut_AssemblyOrder
		SccLocalPath45 = F_SFC_TrackOut_AssemblyOrder
		SccProjectUniqueName46 = AssemblyOutput_Domestic\\AssemblyOutput_Domestic.csproj
		SccProjectName46 = AssemblyOutput_Domestic
		SccLocalPath46 = AssemblyOutput_Domestic
		SccProjectUniqueName47 = F_SFC_TrackIn_AssemblyOrder\\F_SFC_TrackIn_AssemblyOrder.csproj
		SccProjectName47 = F_SFC_TrackIn_AssemblyOrder
		SccLocalPath47 = F_SFC_TrackIn_AssemblyOrder
		SccProjectUniqueName48 = Domestic_Schedule\\Domestic_Schedule.csproj
		SccProjectName48 = Domestic_Schedule
		SccLocalPath48 = Domestic_Schedule
		SccProjectUniqueName49 = RPT_SFC_PO_\u0020Tracking_List\\RPT_SFC_PO_Tracking_List.csproj
		SccProjectName49 = RPT_SFC_PO_\u0020Tracking_List
		SccLocalPath49 = RPT_SFC_PO_\u0020Tracking_List
		SccProjectUniqueName50 = Domestic_PO_Tracking\\Domestic_PO_Tracking.csproj
		SccProjectName50 = Domestic_PO_Tracking
		SccLocalPath50 = Domestic_PO_Tracking
		SccProjectUniqueName51 = Outsole_Buffing_Entry\\Outsole_Buffing_Entry.csproj
		SccProjectName51 = Outsole_Buffing_Entry
		SccLocalPath51 = Outsole_Buffing_Entry
		SccProjectUniqueName52 = AutoGenerationSchedulingOrder\\AutoGenerationSchedulingOrder.csproj
		SccProjectName52 = AutoGenerationSchedulingOrder
		SccLocalPath52 = AutoGenerationSchedulingOrder
		SccProjectUniqueName53 = AQL_Inspection_Report\\AQL_Inspection_Report.csproj
		SccProjectName53 = AQL_Inspection_Report
		SccLocalPath53 = AQL_Inspection_Report
		SccProjectUniqueName54 = PO\u0020Wise\u0020Material\u0020Inspection\u0020Results\\PO\u0020Wise\u0020Material\u0020Inspection\u0020Results.csproj
		SccProjectName54 = PO\u0020Wise\u0020Material\u0020Inspection\u0020Results
		SccLocalPath54 = PO\u0020Wise\u0020Material\u0020Inspection\u0020Results
	EndGlobalSection
EndGlobal
