
Microsoft Visual Studio Solution File, Format Version 12.00
# Visual Studio Version 16
VisualStudioVersion = 16.0.28803.452
MinimumVisualStudioVersion = 10.0.40219.1
Project("{FAE04EC0-301F-11D3-BF4B-00C04F79EFBC}") = "Repairs_Entry", "Repairs_Entry\Repairs_Entry.csproj", "{BE6DEB6E-EE45-4097-B8F1-3DCBE4214141}"
EndProject
Global
	GlobalSection(SolutionConfigurationPlatforms) = preSolution
		Debug|Any CPU = Debug|Any CPU
		Release|Any CPU = Release|Any CPU
	EndGlobalSection
	GlobalSection(ProjectConfigurationPlatforms) = postSolution
		{BE6DEB6E-EE45-4097-B8F1-3DCBE4214141}.Debug|Any CPU.ActiveCfg = Debug|Any CPU
		{BE6DEB6E-EE45-4097-B8F1-3DCBE4214141}.Debug|Any CPU.Build.0 = Debug|Any CPU
		{BE6DEB6E-EE45-4097-B8F1-3DCBE4214141}.Release|Any CPU.ActiveCfg = Release|Any CPU
		{BE6DEB6E-EE45-4097-B8F1-3DCBE4214141}.Release|Any CPU.Build.0 = Release|Any CPU
	EndGlobalSection
	GlobalSection(SolutionProperties) = preSolution
		HideSolutionNode = FALSE
	EndGlobalSection
	GlobalSection(ExtensibilityGlobals) = postSolution
		SolutionGuid = {1A8F9980-3C12-4972-A987-36B1B52744DD}
	EndGlobalSection
EndGlobal
